// !$*UTF8*$!
{
	archiveVersion = 1;
	classes = {
	};
	objectVersion = 50;
	objects = {

/* Begin PBXBuildFile section */
		26024BEE22D8A1FD00143425 /* HXBaseVC.m in Sources */ = {isa = PBXBuildFile; fileRef = 26024BED22D8A1FD00143425 /* HXBaseVC.m */; };
		26024BF122D8A21600143425 /* HXTabAdapter.m in Sources */ = {isa = PBXBuildFile; fileRef = 26024BF022D8A21600143425 /* HXTabAdapter.m */; };
		26024BFA22D8A2EA00143425 /* HXNavigationVC.m in Sources */ = {isa = PBXBuildFile; fileRef = 26024BF922D8A2EA00143425 /* HXNavigationVC.m */; };
		2627405822DDDB9A00951856 /* CourseGridVC.m in Sources */ = {isa = PBXBuildFile; fileRef = 2627405522DDDB9A00951856 /* CourseGridVC.m */; };
		2627405B22DDDDBA00951856 /* CourseConfigVC.m in Sources */ = {isa = PBXBuildFile; fileRef = 2627405A22DDDDBA00951856 /* CourseConfigVC.m */; };
		26496F5C22E06825002D0C0E /* HXDatePickView.m in Sources */ = {isa = PBXBuildFile; fileRef = 26496F5B22E06825002D0C0E /* HXDatePickView.m */; };
		26496F5F22E17479002D0C0E /* HXCourseItemsPKV.m in Sources */ = {isa = PBXBuildFile; fileRef = 26496F5E22E17479002D0C0E /* HXCourseItemsPKV.m */; };
		26496F6222E1B5C5002D0C0E /* CourseTimeInfoCell.m in Sources */ = {isa = PBXBuildFile; fileRef = 26496F6122E1B5C5002D0C0E /* CourseTimeInfoCell.m */; };
		26496F6522E1B698002D0C0E /* ItemTimeModel.m in Sources */ = {isa = PBXBuildFile; fileRef = 26496F6422E1B698002D0C0E /* ItemTimeModel.m */; };
		26496F6822E1CBE0002D0C0E /* CourseHeaderView.m in Sources */ = {isa = PBXBuildFile; fileRef = 26496F6722E1CBE0002D0C0E /* CourseHeaderView.m */; };
		460FE73722E2122400C70623 /* HXPickViewToolBar.m in Sources */ = {isa = PBXBuildFile; fileRef = 460FE73622E2122400C70623 /* HXPickViewToolBar.m */; };
		466105B022E0B53900A4CAF8 /* CourseConfigView.m in Sources */ = {isa = PBXBuildFile; fileRef = 466105AF22E0B53900A4CAF8 /* CourseConfigView.m */; };
		469E585822D77F560077AE51 /* Main.storyboard in Resources */ = {isa = PBXBuildFile; fileRef = 469E585622D77F560077AE51 /* Main.storyboard */; };
		469E585A22D77F580077AE51 /* Assets.xcassets in Resources */ = {isa = PBXBuildFile; fileRef = 469E585922D77F580077AE51 /* Assets.xcassets */; };
		469E585D22D77F580077AE51 /* LaunchScreen.storyboard in Resources */ = {isa = PBXBuildFile; fileRef = 469E585B22D77F580077AE51 /* LaunchScreen.storyboard */; };
		469E586022D77F580077AE51 /* main.m in Sources */ = {isa = PBXBuildFile; fileRef = 469E585F22D77F580077AE51 /* main.m */; };
		469E586E22D780A80077AE51 /* ViewController.m in Sources */ = {isa = PBXBuildFile; fileRef = 469E586A22D780A70077AE51 /* ViewController.m */; };
		469E586F22D780A80077AE51 /* AppDelegate.m in Sources */ = {isa = PBXBuildFile; fileRef = 469E586B22D780A70077AE51 /* AppDelegate.m */; };
		46BC169922DA347A00A70F23 /* UIAdapter.m in Sources */ = {isa = PBXBuildFile; fileRef = 46BC169722DA347A00A70F23 /* UIAdapter.m */; };
		46BC16B222DA3A9C00A70F23 /* UIView+Addition.m in Sources */ = {isa = PBXBuildFile; fileRef = 46BC169B22DA3A9C00A70F23 /* UIView+Addition.m */; };
		46BC16B322DA3A9C00A70F23 /* UIImage+Addition.m in Sources */ = {isa = PBXBuildFile; fileRef = 46BC169F22DA3A9C00A70F23 /* UIImage+Addition.m */; };
		46BC16B422DA3A9C00A70F23 /* NSArray+Addition.m in Sources */ = {isa = PBXBuildFile; fileRef = 46BC16A222DA3A9C00A70F23 /* NSArray+Addition.m */; };
		46BC16B522DA3A9C00A70F23 /* NSDate+Addition.m in Sources */ = {isa = PBXBuildFile; fileRef = 46BC16A522DA3A9C00A70F23 /* NSDate+Addition.m */; };
		46BC16B622DA3A9C00A70F23 /* NSDictionary+Addition.m in Sources */ = {isa = PBXBuildFile; fileRef = 46BC16A622DA3A9C00A70F23 /* NSDictionary+Addition.m */; };
		46BC16B722DA3A9C00A70F23 /* NSObject+Addition.m in Sources */ = {isa = PBXBuildFile; fileRef = 46BC16A722DA3A9C00A70F23 /* NSObject+Addition.m */; };
		46BC16B822DA3A9C00A70F23 /* UIColor+Addition.m in Sources */ = {isa = PBXBuildFile; fileRef = 46BC16A922DA3A9C00A70F23 /* UIColor+Addition.m */; };
		46BC16B922DA3A9C00A70F23 /* NSMutableDictionary+Addition.m in Sources */ = {isa = PBXBuildFile; fileRef = 46BC16AC22DA3A9C00A70F23 /* NSMutableDictionary+Addition.m */; };
		46BC16BA22DA3A9C00A70F23 /* UIFont+Addition.m in Sources */ = {isa = PBXBuildFile; fileRef = 46BC16AD22DA3A9C00A70F23 /* UIFont+Addition.m */; };
		46BC16BB22DA3A9C00A70F23 /* NSData+Addition.m in Sources */ = {isa = PBXBuildFile; fileRef = 46BC16B022DA3A9C00A70F23 /* NSData+Addition.m */; };
		46BC16BC22DA3A9C00A70F23 /* NSString+Addition.m in Sources */ = {isa = PBXBuildFile; fileRef = 46BC16B122DA3A9C00A70F23 /* NSString+Addition.m */; };
		46BC16C222DA3D4D00A70F23 /* PersonVC.m in Sources */ = {isa = PBXBuildFile; fileRef = 46BC16BE22DA3D4D00A70F23 /* PersonVC.m */; };
		46BC16C522DA3D7900A70F23 /* PersonManager.m in Sources */ = {isa = PBXBuildFile; fileRef = 46BC16C422DA3D7900A70F23 /* PersonManager.m */; };
		46BC16C822DA3D9D00A70F23 /* PersonDataModel.m in Sources */ = {isa = PBXBuildFile; fileRef = 46BC16C722DA3D9D00A70F23 /* PersonDataModel.m */; };
		46BC16CB22DAC2DD00A70F23 /* PersonMainView.m in Sources */ = {isa = PBXBuildFile; fileRef = 46BC16CA22DAC2DD00A70F23 /* PersonMainView.m */; };
		46BC16CE22DAF0B900A70F23 /* BriefInfoCell.m in Sources */ = {isa = PBXBuildFile; fileRef = 46BC16CD22DAF0B900A70F23 /* BriefInfoCell.m */; };
		EB6AE177C7EA7003A1C5C670 /* libPods-HuaXing.a in Frameworks */ = {isa = PBXBuildFile; fileRef = F68DAD5807E4BD3BF2EB8C94 /* libPods-HuaXing.a */; };
/* End PBXBuildFile section */

/* Begin PBXFileReference section */
		0DC983F95E75035A569B180B /* Pods-HuaXing.debug.xcconfig */ = {isa = PBXFileReference; includeInIndex = 1; lastKnownFileType = text.xcconfig; name = "Pods-HuaXing.debug.xcconfig"; path = "Target Support Files/Pods-HuaXing/Pods-HuaXing.debug.xcconfig"; sourceTree = "<group>"; };
		26024BEC22D8A1FD00143425 /* HXBaseVC.h */ = {isa = PBXFileReference; lastKnownFileType = sourcecode.c.h; path = HXBaseVC.h; sourceTree = "<group>"; };
		26024BED22D8A1FD00143425 /* HXBaseVC.m */ = {isa = PBXFileReference; lastKnownFileType = sourcecode.c.objc; path = HXBaseVC.m; sourceTree = "<group>"; };
		26024BEF22D8A21600143425 /* HXTabAdapter.h */ = {isa = PBXFileReference; lastKnownFileType = sourcecode.c.h; path = HXTabAdapter.h; sourceTree = "<group>"; };
		26024BF022D8A21600143425 /* HXTabAdapter.m */ = {isa = PBXFileReference; lastKnownFileType = sourcecode.c.objc; path = HXTabAdapter.m; sourceTree = "<group>"; };
		26024BF822D8A2EA00143425 /* HXNavigationVC.h */ = {isa = PBXFileReference; lastKnownFileType = sourcecode.c.h; path = HXNavigationVC.h; sourceTree = "<group>"; };
		26024BF922D8A2EA00143425 /* HXNavigationVC.m */ = {isa = PBXFileReference; lastKnownFileType = sourcecode.c.objc; path = HXNavigationVC.m; sourceTree = "<group>"; };
		2627405422DDDB9A00951856 /* CourseGridVC.h */ = {isa = PBXFileReference; fileEncoding = 4; lastKnownFileType = sourcecode.c.h; path = CourseGridVC.h; sourceTree = "<group>"; };
		2627405522DDDB9A00951856 /* CourseGridVC.m */ = {isa = PBXFileReference; fileEncoding = 4; lastKnownFileType = sourcecode.c.objc; path = CourseGridVC.m; sourceTree = "<group>"; };
		2627405922DDDDBA00951856 /* CourseConfigVC.h */ = {isa = PBXFileReference; lastKnownFileType = sourcecode.c.h; path = CourseConfigVC.h; sourceTree = "<group>"; };
		2627405A22DDDDBA00951856 /* CourseConfigVC.m */ = {isa = PBXFileReference; lastKnownFileType = sourcecode.c.objc; path = CourseConfigVC.m; sourceTree = "<group>"; };
		26496F5A22E06825002D0C0E /* HXDatePickView.h */ = {isa = PBXFileReference; lastKnownFileType = sourcecode.c.h; path = HXDatePickView.h; sourceTree = "<group>"; };
		26496F5B22E06825002D0C0E /* HXDatePickView.m */ = {isa = PBXFileReference; lastKnownFileType = sourcecode.c.objc; path = HXDatePickView.m; sourceTree = "<group>"; };
		26496F5D22E17479002D0C0E /* HXCourseItemsPKV.h */ = {isa = PBXFileReference; lastKnownFileType = sourcecode.c.h; path = HXCourseItemsPKV.h; sourceTree = "<group>"; };
		26496F5E22E17479002D0C0E /* HXCourseItemsPKV.m */ = {isa = PBXFileReference; lastKnownFileType = sourcecode.c.objc; path = HXCourseItemsPKV.m; sourceTree = "<group>"; };
		26496F6022E1B5C5002D0C0E /* CourseTimeInfoCell.h */ = {isa = PBXFileReference; lastKnownFileType = sourcecode.c.h; path = CourseTimeInfoCell.h; sourceTree = "<group>"; };
		26496F6122E1B5C5002D0C0E /* CourseTimeInfoCell.m */ = {isa = PBXFileReference; lastKnownFileType = sourcecode.c.objc; path = CourseTimeInfoCell.m; sourceTree = "<group>"; };
		26496F6322E1B698002D0C0E /* ItemTimeModel.h */ = {isa = PBXFileReference; lastKnownFileType = sourcecode.c.h; path = ItemTimeModel.h; sourceTree = "<group>"; };
		26496F6422E1B698002D0C0E /* ItemTimeModel.m */ = {isa = PBXFileReference; lastKnownFileType = sourcecode.c.objc; path = ItemTimeModel.m; sourceTree = "<group>"; };
		26496F6622E1CBE0002D0C0E /* CourseHeaderView.h */ = {isa = PBXFileReference; lastKnownFileType = sourcecode.c.h; path = CourseHeaderView.h; sourceTree = "<group>"; };
		26496F6722E1CBE0002D0C0E /* CourseHeaderView.m */ = {isa = PBXFileReference; lastKnownFileType = sourcecode.c.objc; path = CourseHeaderView.m; sourceTree = "<group>"; };
		460FE73522E2122400C70623 /* HXPickViewToolBar.h */ = {isa = PBXFileReference; lastKnownFileType = sourcecode.c.h; path = HXPickViewToolBar.h; sourceTree = "<group>"; };
		460FE73622E2122400C70623 /* HXPickViewToolBar.m */ = {isa = PBXFileReference; lastKnownFileType = sourcecode.c.objc; path = HXPickViewToolBar.m; sourceTree = "<group>"; };
		466105AE22E0B53900A4CAF8 /* CourseConfigView.h */ = {isa = PBXFileReference; lastKnownFileType = sourcecode.c.h; path = CourseConfigView.h; sourceTree = "<group>"; };
		466105AF22E0B53900A4CAF8 /* CourseConfigView.m */ = {isa = PBXFileReference; lastKnownFileType = sourcecode.c.objc; path = CourseConfigView.m; sourceTree = "<group>"; };
		469E584D22D77F560077AE51 /* HuaXing.app */ = {isa = PBXFileReference; explicitFileType = wrapper.application; includeInIndex = 0; path = HuaXing.app; sourceTree = BUILT_PRODUCTS_DIR; };
		469E585722D77F560077AE51 /* Base */ = {isa = PBXFileReference; lastKnownFileType = file.storyboard; name = Base; path = Base.lproj/Main.storyboard; sourceTree = "<group>"; };
		469E585922D77F580077AE51 /* Assets.xcassets */ = {isa = PBXFileReference; lastKnownFileType = folder.assetcatalog; path = Assets.xcassets; sourceTree = "<group>"; };
		469E585C22D77F580077AE51 /* Base */ = {isa = PBXFileReference; lastKnownFileType = file.storyboard; name = Base; path = Base.lproj/LaunchScreen.storyboard; sourceTree = "<group>"; };
		469E585E22D77F580077AE51 /* Info.plist */ = {isa = PBXFileReference; lastKnownFileType = text.plist.xml; path = Info.plist; sourceTree = "<group>"; };
		469E585F22D77F580077AE51 /* main.m */ = {isa = PBXFileReference; lastKnownFileType = sourcecode.c.objc; path = main.m; sourceTree = "<group>"; };
		469E586922D780A70077AE51 /* AppDelegate.h */ = {isa = PBXFileReference; fileEncoding = 4; lastKnownFileType = sourcecode.c.h; path = AppDelegate.h; sourceTree = "<group>"; };
		469E586A22D780A70077AE51 /* ViewController.m */ = {isa = PBXFileReference; fileEncoding = 4; lastKnownFileType = sourcecode.c.objc; path = ViewController.m; sourceTree = "<group>"; };
		469E586B22D780A70077AE51 /* AppDelegate.m */ = {isa = PBXFileReference; fileEncoding = 4; lastKnownFileType = sourcecode.c.objc; path = AppDelegate.m; sourceTree = "<group>"; };
		469E586D22D780A70077AE51 /* ViewController.h */ = {isa = PBXFileReference; fileEncoding = 4; lastKnownFileType = sourcecode.c.h; path = ViewController.h; sourceTree = "<group>"; };
		46BC169322DA33FC00A70F23 /* HuaXing.pch */ = {isa = PBXFileReference; lastKnownFileType = sourcecode.c.h; path = HuaXing.pch; sourceTree = "<group>"; };
		46BC169422DA343200A70F23 /* HXConfig.h */ = {isa = PBXFileReference; lastKnownFileType = sourcecode.c.h; path = HXConfig.h; sourceTree = "<group>"; };
		46BC169722DA347A00A70F23 /* UIAdapter.m */ = {isa = PBXFileReference; fileEncoding = 4; lastKnownFileType = sourcecode.c.objc; path = UIAdapter.m; sourceTree = "<group>"; };
		46BC169822DA347A00A70F23 /* UIAdapter.h */ = {isa = PBXFileReference; fileEncoding = 4; lastKnownFileType = sourcecode.c.h; path = UIAdapter.h; sourceTree = "<group>"; };
		46BC169B22DA3A9C00A70F23 /* UIView+Addition.m */ = {isa = PBXFileReference; fileEncoding = 4; lastKnownFileType = sourcecode.c.objc; path = "UIView+Addition.m"; sourceTree = "<group>"; };
		46BC169C22DA3A9C00A70F23 /* UIColor+Addition.h */ = {isa = PBXFileReference; fileEncoding = 4; lastKnownFileType = sourcecode.c.h; path = "UIColor+Addition.h"; sourceTree = "<group>"; };
		46BC169D22DA3A9C00A70F23 /* NSObject+Addition.h */ = {isa = PBXFileReference; fileEncoding = 4; lastKnownFileType = sourcecode.c.h; path = "NSObject+Addition.h"; sourceTree = "<group>"; };
		46BC169E22DA3A9C00A70F23 /* NSDictionary+Addition.h */ = {isa = PBXFileReference; fileEncoding = 4; lastKnownFileType = sourcecode.c.h; path = "NSDictionary+Addition.h"; sourceTree = "<group>"; };
		46BC169F22DA3A9C00A70F23 /* UIImage+Addition.m */ = {isa = PBXFileReference; fileEncoding = 4; lastKnownFileType = sourcecode.c.objc; path = "UIImage+Addition.m"; sourceTree = "<group>"; };
		46BC16A022DA3A9C00A70F23 /* UIFont+Addition.h */ = {isa = PBXFileReference; fileEncoding = 4; lastKnownFileType = sourcecode.c.h; path = "UIFont+Addition.h"; sourceTree = "<group>"; };
		46BC16A122DA3A9C00A70F23 /* NSMutableDictionary+Addition.h */ = {isa = PBXFileReference; fileEncoding = 4; lastKnownFileType = sourcecode.c.h; path = "NSMutableDictionary+Addition.h"; sourceTree = "<group>"; };
		46BC16A222DA3A9C00A70F23 /* NSArray+Addition.m */ = {isa = PBXFileReference; fileEncoding = 4; lastKnownFileType = sourcecode.c.objc; path = "NSArray+Addition.m"; sourceTree = "<group>"; };
		46BC16A322DA3A9C00A70F23 /* NSString+Addition.h */ = {isa = PBXFileReference; fileEncoding = 4; lastKnownFileType = sourcecode.c.h; path = "NSString+Addition.h"; sourceTree = "<group>"; };
		46BC16A422DA3A9C00A70F23 /* NSData+Addition.h */ = {isa = PBXFileReference; fileEncoding = 4; lastKnownFileType = sourcecode.c.h; path = "NSData+Addition.h"; sourceTree = "<group>"; };
		46BC16A522DA3A9C00A70F23 /* NSDate+Addition.m */ = {isa = PBXFileReference; fileEncoding = 4; lastKnownFileType = sourcecode.c.objc; path = "NSDate+Addition.m"; sourceTree = "<group>"; };
		46BC16A622DA3A9C00A70F23 /* NSDictionary+Addition.m */ = {isa = PBXFileReference; fileEncoding = 4; lastKnownFileType = sourcecode.c.objc; path = "NSDictionary+Addition.m"; sourceTree = "<group>"; };
		46BC16A722DA3A9C00A70F23 /* NSObject+Addition.m */ = {isa = PBXFileReference; fileEncoding = 4; lastKnownFileType = sourcecode.c.objc; path = "NSObject+Addition.m"; sourceTree = "<group>"; };
		46BC16A822DA3A9C00A70F23 /* UIView+Addition.h */ = {isa = PBXFileReference; fileEncoding = 4; lastKnownFileType = sourcecode.c.h; path = "UIView+Addition.h"; sourceTree = "<group>"; };
		46BC16A922DA3A9C00A70F23 /* UIColor+Addition.m */ = {isa = PBXFileReference; fileEncoding = 4; lastKnownFileType = sourcecode.c.objc; path = "UIColor+Addition.m"; sourceTree = "<group>"; };
		46BC16AA22DA3A9C00A70F23 /* NSArray+Addition.h */ = {isa = PBXFileReference; fileEncoding = 4; lastKnownFileType = sourcecode.c.h; path = "NSArray+Addition.h"; sourceTree = "<group>"; };
		46BC16AB22DA3A9C00A70F23 /* Addition.h */ = {isa = PBXFileReference; fileEncoding = 4; lastKnownFileType = sourcecode.c.h; path = Addition.h; sourceTree = "<group>"; };
		46BC16AC22DA3A9C00A70F23 /* NSMutableDictionary+Addition.m */ = {isa = PBXFileReference; fileEncoding = 4; lastKnownFileType = sourcecode.c.objc; path = "NSMutableDictionary+Addition.m"; sourceTree = "<group>"; };
		46BC16AD22DA3A9C00A70F23 /* UIFont+Addition.m */ = {isa = PBXFileReference; fileEncoding = 4; lastKnownFileType = sourcecode.c.objc; path = "UIFont+Addition.m"; sourceTree = "<group>"; };
		46BC16AE22DA3A9C00A70F23 /* UIImage+Addition.h */ = {isa = PBXFileReference; fileEncoding = 4; lastKnownFileType = sourcecode.c.h; path = "UIImage+Addition.h"; sourceTree = "<group>"; };
		46BC16AF22DA3A9C00A70F23 /* NSDate+Addition.h */ = {isa = PBXFileReference; fileEncoding = 4; lastKnownFileType = sourcecode.c.h; path = "NSDate+Addition.h"; sourceTree = "<group>"; };
		46BC16B022DA3A9C00A70F23 /* NSData+Addition.m */ = {isa = PBXFileReference; fileEncoding = 4; lastKnownFileType = sourcecode.c.objc; path = "NSData+Addition.m"; sourceTree = "<group>"; };
		46BC16B122DA3A9C00A70F23 /* NSString+Addition.m */ = {isa = PBXFileReference; fileEncoding = 4; lastKnownFileType = sourcecode.c.objc; path = "NSString+Addition.m"; sourceTree = "<group>"; };
		46BC16BE22DA3D4D00A70F23 /* PersonVC.m */ = {isa = PBXFileReference; fileEncoding = 4; lastKnownFileType = sourcecode.c.objc; path = PersonVC.m; sourceTree = "<group>"; };
		46BC16BF22DA3D4D00A70F23 /* PersonVC.h */ = {isa = PBXFileReference; fileEncoding = 4; lastKnownFileType = sourcecode.c.h; path = PersonVC.h; sourceTree = "<group>"; };
		46BC16C322DA3D7900A70F23 /* PersonManager.h */ = {isa = PBXFileReference; lastKnownFileType = sourcecode.c.h; path = PersonManager.h; sourceTree = "<group>"; };
		46BC16C422DA3D7900A70F23 /* PersonManager.m */ = {isa = PBXFileReference; lastKnownFileType = sourcecode.c.objc; path = PersonManager.m; sourceTree = "<group>"; };
		46BC16C622DA3D9D00A70F23 /* PersonDataModel.h */ = {isa = PBXFileReference; lastKnownFileType = sourcecode.c.h; path = PersonDataModel.h; sourceTree = "<group>"; };
		46BC16C722DA3D9D00A70F23 /* PersonDataModel.m */ = {isa = PBXFileReference; lastKnownFileType = sourcecode.c.objc; path = PersonDataModel.m; sourceTree = "<group>"; };
		46BC16C922DAC2DD00A70F23 /* PersonMainView.h */ = {isa = PBXFileReference; lastKnownFileType = sourcecode.c.h; path = PersonMainView.h; sourceTree = "<group>"; };
		46BC16CA22DAC2DD00A70F23 /* PersonMainView.m */ = {isa = PBXFileReference; lastKnownFileType = sourcecode.c.objc; path = PersonMainView.m; sourceTree = "<group>"; };
		46BC16CC22DAF0B900A70F23 /* BriefInfoCell.h */ = {isa = PBXFileReference; lastKnownFileType = sourcecode.c.h; path = BriefInfoCell.h; sourceTree = "<group>"; };
		46BC16CD22DAF0B900A70F23 /* BriefInfoCell.m */ = {isa = PBXFileReference; lastKnownFileType = sourcecode.c.objc; path = BriefInfoCell.m; sourceTree = "<group>"; };
		B0663E3085F4D37C652073DA /* Pods-HuaXing.release.xcconfig */ = {isa = PBXFileReference; includeInIndex = 1; lastKnownFileType = text.xcconfig; name = "Pods-HuaXing.release.xcconfig"; path = "Target Support Files/Pods-HuaXing/Pods-HuaXing.release.xcconfig"; sourceTree = "<group>"; };
		F68DAD5807E4BD3BF2EB8C94 /* libPods-HuaXing.a */ = {isa = PBXFileReference; explicitFileType = archive.ar; includeInIndex = 0; path = "libPods-HuaXing.a"; sourceTree = BUILT_PRODUCTS_DIR; };
/* End PBXFileReference section */

/* Begin PBXFrameworksBuildPhase section */
		469E584A22D77F560077AE51 /* Frameworks */ = {
			isa = PBXFrameworksBuildPhase;
			buildActionMask = 2147483647;
			files = (
				EB6AE177C7EA7003A1C5C670 /* libPods-HuaXing.a in Frameworks */,
			);
			runOnlyForDeploymentPostprocessing = 0;
		};
/* End PBXFrameworksBuildPhase section */

/* Begin PBXGroup section */
		26024BEB22D8A1EE00143425 /* BaseVC */ = {
			isa = PBXGroup;
			children = (
				26024BEC22D8A1FD00143425 /* HXBaseVC.h */,
				26024BED22D8A1FD00143425 /* HXBaseVC.m */,
				26024BF822D8A2EA00143425 /* HXNavigationVC.h */,
				26024BF922D8A2EA00143425 /* HXNavigationVC.m */,
			);
			path = BaseVC;
			sourceTree = "<group>";
		};
		2627405322DDDB9A00951856 /* Controller */ = {
			isa = PBXGroup;
			children = (
				2627405422DDDB9A00951856 /* CourseGridVC.h */,
				2627405522DDDB9A00951856 /* CourseGridVC.m */,
				2627405922DDDDBA00951856 /* CourseConfigVC.h */,
				2627405A22DDDDBA00951856 /* CourseConfigVC.m */,
			);
			path = Controller;
			sourceTree = "<group>";
		};
		2627405622DDDB9A00951856 /* Model */ = {
			isa = PBXGroup;
			children = (
				26496F6322E1B698002D0C0E /* ItemTimeModel.h */,
				26496F6422E1B698002D0C0E /* ItemTimeModel.m */,
			);
			path = Model;
			sourceTree = "<group>";
		};
		2627405722DDDB9A00951856 /* View */ = {
			isa = PBXGroup;
			children = (
				26496F6622E1CBE0002D0C0E /* CourseHeaderView.h */,
				26496F6722E1CBE0002D0C0E /* CourseHeaderView.m */,
				466105AE22E0B53900A4CAF8 /* CourseConfigView.h */,
				466105AF22E0B53900A4CAF8 /* CourseConfigView.m */,
				460FE73522E2122400C70623 /* HXPickViewToolBar.h */,
				460FE73622E2122400C70623 /* HXPickViewToolBar.m */,
				26496F5D22E17479002D0C0E /* HXCourseItemsPKV.h */,
				26496F5E22E17479002D0C0E /* HXCourseItemsPKV.m */,
				26496F5A22E06825002D0C0E /* HXDatePickView.h */,
				26496F5B22E06825002D0C0E /* HXDatePickView.m */,
				26496F6022E1B5C5002D0C0E /* CourseTimeInfoCell.h */,
				26496F6122E1B5C5002D0C0E /* CourseTimeInfoCell.m */,
			);
			path = View;
			sourceTree = "<group>";
		};
		26AD64C222D81B2C0087D3EB /* Tab */ = {
			isa = PBXGroup;
			children = (
				26024BEF22D8A21600143425 /* HXTabAdapter.h */,
				26024BF022D8A21600143425 /* HXTabAdapter.m */,
			);
			path = Tab;
			sourceTree = "<group>";
		};
		26AD64C622D81C010087D3EB /* Func */ = {
			isa = PBXGroup;
			children = (
				26AD64C822D81C010087D3EB /* Grid */,
				26AD64C722D81C010087D3EB /* Person */,
			);
			path = Func;
			sourceTree = "<group>";
		};
		26AD64C722D81C010087D3EB /* Person */ = {
			isa = PBXGroup;
			children = (
				46BC16BD22DA3D4D00A70F23 /* Controller */,
				46BC16C122DA3D4D00A70F23 /* Model */,
				46BC16C022DA3D4D00A70F23 /* View */,
			);
			path = Person;
			sourceTree = "<group>";
		};
		26AD64C822D81C010087D3EB /* Grid */ = {
			isa = PBXGroup;
			children = (
				2627405322DDDB9A00951856 /* Controller */,
				2627405622DDDB9A00951856 /* Model */,
				2627405722DDDB9A00951856 /* View */,
			);
			path = Grid;
			sourceTree = "<group>";
		};
		3481AF048D8EB8C186E2C3C4 /* Pods */ = {
			isa = PBXGroup;
			children = (
				0DC983F95E75035A569B180B /* Pods-HuaXing.debug.xcconfig */,
				B0663E3085F4D37C652073DA /* Pods-HuaXing.release.xcconfig */,
			);
			path = Pods;
			sourceTree = "<group>";
		};
		42F7935B5D58CA2944FA35EF /* Frameworks */ = {
			isa = PBXGroup;
			children = (
				F68DAD5807E4BD3BF2EB8C94 /* libPods-HuaXing.a */,
			);
			name = Frameworks;
			sourceTree = "<group>";
		};
		469E584422D77F560077AE51 = {
			isa = PBXGroup;
			children = (
				469E584F22D77F560077AE51 /* HuaXing */,
				469E584E22D77F560077AE51 /* Products */,
				3481AF048D8EB8C186E2C3C4 /* Pods */,
				42F7935B5D58CA2944FA35EF /* Frameworks */,
			);
			sourceTree = "<group>";
		};
		469E584E22D77F560077AE51 /* Products */ = {
			isa = PBXGroup;
			children = (
				469E584D22D77F560077AE51 /* HuaXing.app */,
			);
			name = Products;
			sourceTree = "<group>";
		};
		469E584F22D77F560077AE51 /* HuaXing */ = {
			isa = PBXGroup;
			children = (
				469E586922D780A70077AE51 /* AppDelegate.h */,
				469E586B22D780A70077AE51 /* AppDelegate.m */,
				469E586D22D780A70077AE51 /* ViewController.h */,
				469E586A22D780A70077AE51 /* ViewController.m */,
				469E586822D780A70077AE51 /* Main */,
				46BC169522DA345400A70F23 /* Class */,
				46BC169222DA33D100A70F23 /* Macro */,
				26AD64C622D81C010087D3EB /* Func */,
				469E585622D77F560077AE51 /* Main.storyboard */,
				469E585922D77F580077AE51 /* Assets.xcassets */,
				469E585B22D77F580077AE51 /* LaunchScreen.storyboard */,
				469E585E22D77F580077AE51 /* Info.plist */,
				469E585F22D77F580077AE51 /* main.m */,
			);
			path = HuaXing;
			sourceTree = "<group>";
		};
		469E586822D780A70077AE51 /* Main */ = {
			isa = PBXGroup;
			children = (
				26024BEB22D8A1EE00143425 /* BaseVC */,
				26AD64C222D81B2C0087D3EB /* Tab */,
			);
			path = Main;
			sourceTree = "<group>";
		};
		46BC169222DA33D100A70F23 /* Macro */ = {
			isa = PBXGroup;
			children = (
				46BC169322DA33FC00A70F23 /* HuaXing.pch */,
				46BC169422DA343200A70F23 /* HXConfig.h */,
			);
			path = Macro;
			sourceTree = "<group>";
		};
		46BC169522DA345400A70F23 /* Class */ = {
			isa = PBXGroup;
			children = (
				46BC169A22DA3A9C00A70F23 /* Addition */,
				46BC169622DA347A00A70F23 /* UIAdapter */,
			);
			path = Class;
			sourceTree = "<group>";
		};
		46BC169622DA347A00A70F23 /* UIAdapter */ = {
			isa = PBXGroup;
			children = (
				46BC169822DA347A00A70F23 /* UIAdapter.h */,
				46BC169722DA347A00A70F23 /* UIAdapter.m */,
			);
			path = UIAdapter;
			sourceTree = "<group>";
		};
		46BC169A22DA3A9C00A70F23 /* Addition */ = {
			isa = PBXGroup;
			children = (
				46BC169B22DA3A9C00A70F23 /* UIView+Addition.m */,
				46BC169C22DA3A9C00A70F23 /* UIColor+Addition.h */,
				46BC169D22DA3A9C00A70F23 /* NSObject+Addition.h */,
				46BC169E22DA3A9C00A70F23 /* NSDictionary+Addition.h */,
				46BC169F22DA3A9C00A70F23 /* UIImage+Addition.m */,
				46BC16A022DA3A9C00A70F23 /* UIFont+Addition.h */,
				46BC16A122DA3A9C00A70F23 /* NSMutableDictionary+Addition.h */,
				46BC16A222DA3A9C00A70F23 /* NSArray+Addition.m */,
				46BC16A322DA3A9C00A70F23 /* NSString+Addition.h */,
				46BC16A422DA3A9C00A70F23 /* NSData+Addition.h */,
				46BC16A522DA3A9C00A70F23 /* NSDate+Addition.m */,
				46BC16A622DA3A9C00A70F23 /* NSDictionary+Addition.m */,
				46BC16A722DA3A9C00A70F23 /* NSObject+Addition.m */,
				46BC16A822DA3A9C00A70F23 /* UIView+Addition.h */,
				46BC16A922DA3A9C00A70F23 /* UIColor+Addition.m */,
				46BC16AA22DA3A9C00A70F23 /* NSArray+Addition.h */,
				46BC16AB22DA3A9C00A70F23 /* Addition.h */,
				46BC16AC22DA3A9C00A70F23 /* NSMutableDictionary+Addition.m */,
				46BC16AD22DA3A9C00A70F23 /* UIFont+Addition.m */,
				46BC16AE22DA3A9C00A70F23 /* UIImage+Addition.h */,
				46BC16AF22DA3A9C00A70F23 /* NSDate+Addition.h */,
				46BC16B022DA3A9C00A70F23 /* NSData+Addition.m */,
				46BC16B122DA3A9C00A70F23 /* NSString+Addition.m */,
			);
			path = Addition;
			sourceTree = "<group>";
		};
		46BC16BD22DA3D4D00A70F23 /* Controller */ = {
			isa = PBXGroup;
			children = (
				46BC16BF22DA3D4D00A70F23 /* PersonVC.h */,
				46BC16BE22DA3D4D00A70F23 /* PersonVC.m */,
			);
			path = Controller;
			sourceTree = "<group>";
		};
		46BC16C022DA3D4D00A70F23 /* View */ = {
			isa = PBXGroup;
			children = (
				46BC16C922DAC2DD00A70F23 /* PersonMainView.h */,
				46BC16CA22DAC2DD00A70F23 /* PersonMainView.m */,
				46BC16CC22DAF0B900A70F23 /* BriefInfoCell.h */,
				46BC16CD22DAF0B900A70F23 /* BriefInfoCell.m */,
			);
			path = View;
			sourceTree = "<group>";
		};
		46BC16C122DA3D4D00A70F23 /* Model */ = {
			isa = PBXGroup;
			children = (
				46BC16C322DA3D7900A70F23 /* PersonManager.h */,
				46BC16C422DA3D7900A70F23 /* PersonManager.m */,
				46BC16C622DA3D9D00A70F23 /* PersonDataModel.h */,
				46BC16C722DA3D9D00A70F23 /* PersonDataModel.m */,
			);
			path = Model;
			sourceTree = "<group>";
		};
/* End PBXGroup section */

/* Begin PBXNativeTarget section */
		469E584C22D77F560077AE51 /* HuaXing */ = {
			isa = PBXNativeTarget;
			buildConfigurationList = 469E586322D77F580077AE51 /* Build configuration list for PBXNativeTarget "HuaXing" */;
			buildPhases = (
				5BD9280562667C60D69964D9 /* [CP] Check Pods Manifest.lock */,
				469E584922D77F560077AE51 /* Sources */,
				469E584A22D77F560077AE51 /* Frameworks */,
				469E584B22D77F560077AE51 /* Resources */,
			);
			buildRules = (
			);
			dependencies = (
			);
			name = HuaXing;
			productName = HuaXing;
			productReference = 469E584D22D77F560077AE51 /* HuaXing.app */;
			productType = "com.apple.product-type.application";
		};
/* End PBXNativeTarget section */

/* Begin PBXProject section */
		469E584522D77F560077AE51 /* Project object */ = {
			isa = PBXProject;
			attributes = {
				LastUpgradeCheck = 1010;
				ORGANIZATIONNAME = HuaXing;
				TargetAttributes = {
					469E584C22D77F560077AE51 = {
						CreatedOnToolsVersion = 10.1;
					};
				};
			};
			buildConfigurationList = 469E584822D77F560077AE51 /* Build configuration list for PBXProject "HuaXing" */;
			compatibilityVersion = "Xcode 9.3";
			developmentRegion = en;
			hasScannedForEncodings = 0;
			knownRegions = (
				en,
				Base,
			);
			mainGroup = 469E584422D77F560077AE51;
			productRefGroup = 469E584E22D77F560077AE51 /* Products */;
			projectDirPath = "";
			projectRoot = "";
			targets = (
				469E584C22D77F560077AE51 /* HuaXing */,
			);
		};
/* End PBXProject section */

/* Begin PBXResourcesBuildPhase section */
		469E584B22D77F560077AE51 /* Resources */ = {
			isa = PBXResourcesBuildPhase;
			buildActionMask = 2147483647;
			files = (
				469E585D22D77F580077AE51 /* LaunchScreen.storyboard in Resources */,
				469E585A22D77F580077AE51 /* Assets.xcassets in Resources */,
				469E585822D77F560077AE51 /* Main.storyboard in Resources */,
			);
			runOnlyForDeploymentPostprocessing = 0;
		};
/* End PBXResourcesBuildPhase section */

/* Begin PBXShellScriptBuildPhase section */
		5BD9280562667C60D69964D9 /* [CP] Check Pods Manifest.lock */ = {
			isa = PBXShellScriptBuildPhase;
			buildActionMask = 2147483647;
			files = (
			);
			inputFileListPaths = (
			);
			inputPaths = (
				"${PODS_PODFILE_DIR_PATH}/Podfile.lock",
				"${PODS_ROOT}/Manifest.lock",
			);
			name = "[CP] Check Pods Manifest.lock";
			outputFileListPaths = (
			);
			outputPaths = (
				"$(DERIVED_FILE_DIR)/Pods-HuaXing-checkManifestLockResult.txt",
			);
			runOnlyForDeploymentPostprocessing = 0;
			shellPath = /bin/sh;
			shellScript = "diff \"${PODS_PODFILE_DIR_PATH}/Podfile.lock\" \"${PODS_ROOT}/Manifest.lock\" > /dev/null\nif [ $? != 0 ] ; then\n    # print error to STDERR\n    echo \"error: The sandbox is not in sync with the Podfile.lock. Run 'pod install' or update your CocoaPods installation.\" >&2\n    exit 1\nfi\n# This output is used by Xcode 'outputs' to avoid re-running this script phase.\necho \"SUCCESS\" > \"${SCRIPT_OUTPUT_FILE_0}\"\n";
			showEnvVarsInLog = 0;
		};
/* End PBXShellScriptBuildPhase section */

/* Begin PBXSourcesBuildPhase section */
		469E584922D77F560077AE51 /* Sources */ = {
			isa = PBXSourcesBuildPhase;
			buildActionMask = 2147483647;
			files = (
				46BC16B622DA3A9C00A70F23 /* NSDictionary+Addition.m in Sources */,
				2627405822DDDB9A00951856 /* CourseGridVC.m in Sources */,
				26496F5C22E06825002D0C0E /* HXDatePickView.m in Sources */,
				460FE73722E2122400C70623 /* HXPickViewToolBar.m in Sources */,
				466105B022E0B53900A4CAF8 /* CourseConfigView.m in Sources */,
				46BC16B822DA3A9C00A70F23 /* UIColor+Addition.m in Sources */,
				46BC16C822DA3D9D00A70F23 /* PersonDataModel.m in Sources */,
				469E586E22D780A80077AE51 /* ViewController.m in Sources */,
				26496F6822E1CBE0002D0C0E /* CourseHeaderView.m in Sources */,
				46BC16B922DA3A9C00A70F23 /* NSMutableDictionary+Addition.m in Sources */,
				46BC16C522DA3D7900A70F23 /* PersonManager.m in Sources */,
				46BC16CE22DAF0B900A70F23 /* BriefInfoCell.m in Sources */,
				46BC16B522DA3A9C00A70F23 /* NSDate+Addition.m in Sources */,
				2627405B22DDDDBA00951856 /* CourseConfigVC.m in Sources */,
				26496F6222E1B5C5002D0C0E /* CourseTimeInfoCell.m in Sources */,
				46BC169922DA347A00A70F23 /* UIAdapter.m in Sources */,
				26024BEE22D8A1FD00143425 /* HXBaseVC.m in Sources */,
				469E586022D77F580077AE51 /* main.m in Sources */,
				46BC16BC22DA3A9C00A70F23 /* NSString+Addition.m in Sources */,
				46BC16B722DA3A9C00A70F23 /* NSObject+Addition.m in Sources */,
				46BC16BB22DA3A9C00A70F23 /* NSData+Addition.m in Sources */,
				46BC16BA22DA3A9C00A70F23 /* UIFont+Addition.m in Sources */,
				46BC16C222DA3D4D00A70F23 /* PersonVC.m in Sources */,
				26024BFA22D8A2EA00143425 /* HXNavigationVC.m in Sources */,
				46BC16B322DA3A9C00A70F23 /* UIImage+Addition.m in Sources */,
				46BC16B222DA3A9C00A70F23 /* UIView+Addition.m in Sources */,
				26496F5F22E17479002D0C0E /* HXCourseItemsPKV.m in Sources */,
				26496F6522E1B698002D0C0E /* ItemTimeModel.m in Sources */,
				46BC16B422DA3A9C00A70F23 /* NSArray+Addition.m in Sources */,
				46BC16CB22DAC2DD00A70F23 /* PersonMainView.m in Sources */,
				26024BF122D8A21600143425 /* HXTabAdapter.m in Sources */,
				469E586F22D780A80077AE51 /* AppDelegate.m in Sources */,
			);
			runOnlyForDeploymentPostprocessing = 0;
		};
/* End PBXSourcesBuildPhase section */

/* Begin PBXVariantGroup section */
		469E585622D77F560077AE51 /* Main.storyboard */ = {
			isa = PBXVariantGroup;
			children = (
				469E585722D77F560077AE51 /* Base */,
			);
			name = Main.storyboard;
			sourceTree = "<group>";
		};
		469E585B22D77F580077AE51 /* LaunchScreen.storyboard */ = {
			isa = PBXVariantGroup;
			children = (
				469E585C22D77F580077AE51 /* Base */,
			);
			name = LaunchScreen.storyboard;
			sourceTree = "<group>";
		};
/* End PBXVariantGroup section */

/* Begin XCBuildConfiguration section */
		469E586122D77F580077AE51 /* Debug */ = {
			isa = XCBuildConfiguration;
			buildSettings = {
				ALWAYS_SEARCH_USER_PATHS = NO;
				CLANG_ANALYZER_NONNULL = YES;
				CLANG_ANALYZER_NUMBER_OBJECT_CONVERSION = YES_AGGRESSIVE;
				CLANG_CXX_LANGUAGE_STANDARD = "gnu++14";
				CLANG_CXX_LIBRARY = "libc++";
				CLANG_ENABLE_MODULES = YES;
				CLANG_ENABLE_OBJC_ARC = YES;
				CLANG_ENABLE_OBJC_WEAK = YES;
				CLANG_WARN_BLOCK_CAPTURE_AUTORELEASING = YES;
				CLANG_WARN_BOOL_CONVERSION = YES;
				CLANG_WARN_COMMA = YES;
				CLANG_WARN_CONSTANT_CONVERSION = YES;
				CLANG_WARN_DEPRECATED_OBJC_IMPLEMENTATIONS = YES;
				CLANG_WARN_DIRECT_OBJC_ISA_USAGE = YES_ERROR;
				CLANG_WARN_DOCUMENTATION_COMMENTS = YES;
				CLANG_WARN_EMPTY_BODY = YES;
				CLANG_WARN_ENUM_CONVERSION = YES;
				CLANG_WARN_INFINITE_RECURSION = YES;
				CLANG_WARN_INT_CONVERSION = YES;
				CLANG_WARN_NON_LITERAL_NULL_CONVERSION = YES;
				CLANG_WARN_OBJC_IMPLICIT_RETAIN_SELF = YES;
				CLANG_WARN_OBJC_LITERAL_CONVERSION = YES;
				CLANG_WARN_OBJC_ROOT_CLASS = YES_ERROR;
				CLANG_WARN_RANGE_LOOP_ANALYSIS = YES;
				CLANG_WARN_STRICT_PROTOTYPES = YES;
				CLANG_WARN_SUSPICIOUS_MOVE = YES;
				CLANG_WARN_UNGUARDED_AVAILABILITY = YES_AGGRESSIVE;
				CLANG_WARN_UNREACHABLE_CODE = YES;
				CLANG_WARN__DUPLICATE_METHOD_MATCH = YES;
				CODE_SIGN_IDENTITY = "iPhone Developer";
				COPY_PHASE_STRIP = NO;
				DEBUG_INFORMATION_FORMAT = dwarf;
				ENABLE_STRICT_OBJC_MSGSEND = YES;
				ENABLE_TESTABILITY = YES;
				GCC_C_LANGUAGE_STANDARD = gnu11;
				GCC_DYNAMIC_NO_PIC = NO;
				GCC_NO_COMMON_BLOCKS = YES;
				GCC_OPTIMIZATION_LEVEL = 0;
				GCC_PREPROCESSOR_DEFINITIONS = (
					"DEBUG=1",
					"$(inherited)",
				);
				GCC_WARN_64_TO_32_BIT_CONVERSION = YES;
				GCC_WARN_ABOUT_RETURN_TYPE = YES_ERROR;
				GCC_WARN_UNDECLARED_SELECTOR = YES;
				GCC_WARN_UNINITIALIZED_AUTOS = YES_AGGRESSIVE;
				GCC_WARN_UNUSED_FUNCTION = YES;
				GCC_WARN_UNUSED_VARIABLE = YES;
				IPHONEOS_DEPLOYMENT_TARGET = 12.1;
				MTL_ENABLE_DEBUG_INFO = INCLUDE_SOURCE;
				MTL_FAST_MATH = YES;
				ONLY_ACTIVE_ARCH = YES;
				SDKROOT = iphoneos;
			};
			name = Debug;
		};
		469E586222D77F580077AE51 /* Release */ = {
			isa = XCBuildConfiguration;
			buildSettings = {
				ALWAYS_SEARCH_USER_PATHS = NO;
				CLANG_ANALYZER_NONNULL = YES;
				CLANG_ANALYZER_NUMBER_OBJECT_CONVERSION = YES_AGGRESSIVE;
				CLANG_CXX_LANGUAGE_STANDARD = "gnu++14";
				CLANG_CXX_LIBRARY = "libc++";
				CLANG_ENABLE_MODULES = YES;
				CLANG_ENABLE_OBJC_ARC = YES;
				CLANG_ENABLE_OBJC_WEAK = YES;
				CLANG_WARN_BLOCK_CAPTURE_AUTORELEASING = YES;
				CLANG_WARN_BOOL_CONVERSION = YES;
				CLANG_WARN_COMMA = YES;
				CLANG_WARN_CONSTANT_CONVERSION = YES;
				CLANG_WARN_DEPRECATED_OBJC_IMPLEMENTATIONS = YES;
				CLANG_WARN_DIRECT_OBJC_ISA_USAGE = YES_ERROR;
				CLANG_WARN_DOCUMENTATION_COMMENTS = YES;
				CLANG_WARN_EMPTY_BODY = YES;
				CLANG_WARN_ENUM_CONVERSION = YES;
				CLANG_WARN_INFINITE_RECURSION = YES;
				CLANG_WARN_INT_CONVERSION = YES;
				CLANG_WARN_NON_LITERAL_NULL_CONVERSION = YES;
				CLANG_WARN_OBJC_IMPLICIT_RETAIN_SELF = YES;
				CLANG_WARN_OBJC_LITERAL_CONVERSION = YES;
				CLANG_WARN_OBJC_ROOT_CLASS = YES_ERROR;
				CLANG_WARN_RANGE_LOOP_ANALYSIS = YES;
				CLANG_WARN_STRICT_PROTOTYPES = YES;
				CLANG_WARN_SUSPICIOUS_MOVE = YES;
				CLANG_WARN_UNGUARDED_AVAILABILITY = YES_AGGRESSIVE;
				CLANG_WARN_UNREACHABLE_CODE = YES;
				CLANG_WARN__DUPLICATE_METHOD_MATCH = YES;
				CODE_SIGN_IDENTITY = "iPhone Developer";
				COPY_PHASE_STRIP = NO;
				DEBUG_INFORMATION_FORMAT = "dwarf-with-dsym";
				ENABLE_NS_ASSERTIONS = NO;
				ENABLE_STRICT_OBJC_MSGSEND = YES;
				GCC_C_LANGUAGE_STANDARD = gnu11;
				GCC_NO_COMMON_BLOCKS = YES;
				GCC_WARN_64_TO_32_BIT_CONVERSION = YES;
				GCC_WARN_ABOUT_RETURN_TYPE = YES_ERROR;
				GCC_WARN_UNDECLARED_SELECTOR = YES;
				GCC_WARN_UNINITIALIZED_AUTOS = YES_AGGRESSIVE;
				GCC_WARN_UNUSED_FUNCTION = YES;
				GCC_WARN_UNUSED_VARIABLE = YES;
				IPHONEOS_DEPLOYMENT_TARGET = 12.1;
				MTL_ENABLE_DEBUG_INFO = NO;
				MTL_FAST_MATH = YES;
				SDKROOT = iphoneos;
				VALIDATE_PRODUCT = YES;
			};
			name = Release;
		};
		469E586422D77F580077AE51 /* Debug */ = {
			isa = XCBuildConfiguration;
			baseConfigurationReference = 0DC983F95E75035A569B180B /* Pods-HuaXing.debug.xcconfig */;
			buildSettings = {
				ASSETCATALOG_COMPILER_APPICON_NAME = AppIcon;
				CODE_SIGN_STYLE = Automatic;
				DEVELOPMENT_TEAM = JA7UMD99EC;
				GCC_PRECOMPILE_PREFIX_HEADER = YES;
				GCC_PREFIX_HEADER = HuaXing/Macro/HuaXing.pch;
				INFOPLIST_FILE = HuaXing/Info.plist;
				IPHONEOS_DEPLOYMENT_TARGET = 9.0;
				LD_RUNPATH_SEARCH_PATHS = (
					"$(inherited)",
					"@executable_path/Frameworks",
				);
				PRODUCT_BUNDLE_IDENTIFIER = com.hinabian.hinabian;
				PRODUCT_NAME = "$(TARGET_NAME)";
				TARGETED_DEVICE_FAMILY = 1;
			};
			name = Debug;
		};
		469E586522D77F580077AE51 /* Release */ = {
			isa = XCBuildConfiguration;
			baseConfigurationReference = B0663E3085F4D37C652073DA /* Pods-HuaXing.release.xcconfig */;
			buildSettings = {
				ASSETCATALOG_COMPILER_APPICON_NAME = AppIcon;
				CODE_SIGN_STYLE = Automatic;
				DEVELOPMENT_TEAM = JA7UMD99EC;
				GCC_PRECOMPILE_PREFIX_HEADER = YES;
				GCC_PREFIX_HEADER = HuaXing/Macro/HuaXing.pch;
				INFOPLIST_FILE = HuaXing/Info.plist;
				IPHONEOS_DEPLOYMENT_TARGET = 9.0;
				LD_RUNPATH_SEARCH_PATHS = (
					"$(inherited)",
					"@executable_path/Frameworks",
				);
				PRODUCT_BUNDLE_IDENTIFIER = com.hinabian.hinabian;
				PRODUCT_NAME = "$(TARGET_NAME)";
				TARGETED_DEVICE_FAMILY = 1;
			};
			name = Release;
		};
/* End XCBuildConfiguration section */

/* Begin XCConfigurationList section */
		469E584822D77F560077AE51 /* Build configuration list for PBXProject "HuaXing" */ = {
			isa = XCConfigurationList;
			buildConfigurations = (
				469E586122D77F580077AE51 /* Debug */,
				469E586222D77F580077AE51 /* Release */,
			);
			defaultConfigurationIsVisible = 0;
			defaultConfigurationName = Release;
		};
		469E586322D77F580077AE51 /* Build configuration list for PBXNativeTarget "HuaXing" */ = {
			isa = XCConfigurationList;
			buildConfigurations = (
				469E586422D77F580077AE51 /* Debug */,
				469E586522D77F580077AE51 /* Release */,
			);
			defaultConfigurationIsVisible = 0;
			defaultConfigurationName = Release;
		};
/* End XCConfigurationList section */
	};
	rootObject = 469E584522D77F560077AE51 /* Project object */;
}
