// !$*UTF8*$!
{
	archiveVersion = 1;
	classes = {
	};
	objectVersion = 51;
	objects = {

/* Begin PBXBuildFile section */
		26024BEE22D8A1FD00143425 /* HXBaseVC.m in Sources */ = {isa = PBXBuildFile; fileRef = 26024BED22D8A1FD00143425 /* HXBaseVC.m */; };
		26024BF122D8A21600143425 /* HXTabAdapter.m in Sources */ = {isa = PBXBuildFile; fileRef = 26024BF022D8A21600143425 /* HXTabAdapter.m */; };
		26024BFA22D8A2EA00143425 /* HXNavigationVC.m in Sources */ = {isa = PBXBuildFile; fileRef = 26024BF922D8A2EA00143425 /* HXNavigationVC.m */; };
		2617CF04230140A4005F4558 /* HXLaunchConfig.m in Sources */ = {isa = PBXBuildFile; fileRef = 2617CF03230140A4005F4558 /* HXLaunchConfig.m */; };
		2617CF082301412B005F4558 /* HXShareManager.m in Sources */ = {isa = PBXBuildFile; fileRef = 2617CF072301412B005F4558 /* HXShareManager.m */; };
		2617CF0E230169B9005F4558 /* HXToast.m in Sources */ = {isa = PBXBuildFile; fileRef = 2617CF0A230169B9005F4558 /* HXToast.m */; };
		2617CF0F230169B9005F4558 /* MBProgressHUD.m in Sources */ = {isa = PBXBuildFile; fileRef = 2617CF0C230169B9005F4558 /* MBProgressHUD.m */; };
		2617CF352306A180005F4558 /* LTSCalendarBaseViewController.m in Sources */ = {isa = PBXBuildFile; fileRef = 2617CF1C2306A180005F4558 /* LTSCalendarBaseViewController.m */; };
		2617CF362306A180005F4558 /* LTSCalendarManager.m in Sources */ = {isa = PBXBuildFile; fileRef = 2617CF1D2306A180005F4558 /* LTSCalendarManager.m */; };
		2617CF372306A180005F4558 /* LTSCalendarDayView.m in Sources */ = {isa = PBXBuildFile; fileRef = 2617CF1E2306A180005F4558 /* LTSCalendarDayView.m */; };
		2617CF382306A180005F4558 /* LTSCalendarSelectedWeekView.m in Sources */ = {isa = PBXBuildFile; fileRef = 2617CF1F2306A180005F4558 /* LTSCalendarSelectedWeekView.m */; };
		2617CF392306A180005F4558 /* LTSCircleView.m in Sources */ = {isa = PBXBuildFile; fileRef = 2617CF202306A180005F4558 /* LTSCircleView.m */; };
		2617CF3A2306A180005F4558 /* LTSCalendarAppearance.m in Sources */ = {isa = PBXBuildFile; fileRef = 2617CF212306A180005F4558 /* LTSCalendarAppearance.m */; };
		2617CF3B2306A180005F4558 /* LTSCalendarDataCache.m in Sources */ = {isa = PBXBuildFile; fileRef = 2617CF222306A180005F4558 /* LTSCalendarDataCache.m */; };
		2617CF3C2306A180005F4558 /* LTSCalendarView.m in Sources */ = {isa = PBXBuildFile; fileRef = 2617CF252306A180005F4558 /* LTSCalendarView.m */; };
		2617CF3D2306A180005F4558 /* LTSCalendarContentView.m in Sources */ = {isa = PBXBuildFile; fileRef = 2617CF262306A180005F4558 /* LTSCalendarContentView.m */; };
		2617CF3E2306A180005F4558 /* LTSCalendarMonthView.m in Sources */ = {isa = PBXBuildFile; fileRef = 2617CF272306A180005F4558 /* LTSCalendarMonthView.m */; };
		2617CF3F2306A180005F4558 /* LTSCalendarWeekView.m in Sources */ = {isa = PBXBuildFile; fileRef = 2617CF312306A180005F4558 /* LTSCalendarWeekView.m */; };
		2617CF402306A180005F4558 /* LTSCalendarWeekDayView.m in Sources */ = {isa = PBXBuildFile; fileRef = 2617CF322306A180005F4558 /* LTSCalendarWeekDayView.m */; };
		2650AF8322EFEB36006C7784 /* ClassTableMainView.m in Sources */ = {isa = PBXBuildFile; fileRef = 2650AF8222EFEB36006C7784 /* ClassTableMainView.m */; };
		2650AF9C22F19059006C7784 /* ClassItemDataModel.m in Sources */ = {isa = PBXBuildFile; fileRef = 2650AF9B22F19059006C7784 /* ClassItemDataModel.m */; };
		2650AFAE22F1A0AC006C7784 /* ClassTableHeaderView.m in Sources */ = {isa = PBXBuildFile; fileRef = 2650AFA922F1A0AC006C7784 /* ClassTableHeaderView.m */; };
		2650AFAF22F1A0AC006C7784 /* ClassTableCell.m in Sources */ = {isa = PBXBuildFile; fileRef = 2650AFAC22F1A0AC006C7784 /* ClassTableCell.m */; };
		2650AFB222F1A233006C7784 /* DateCollectionViewCell.m in Sources */ = {isa = PBXBuildFile; fileRef = 2650AFB122F1A233006C7784 /* DateCollectionViewCell.m */; };
		2650AFB822F1AAE0006C7784 /* TableInfoHeaderView.m in Sources */ = {isa = PBXBuildFile; fileRef = 2650AFB722F1AAE0006C7784 /* TableInfoHeaderView.m */; };
		2650AFBB22F28684006C7784 /* CourseCollectionCell.m in Sources */ = {isa = PBXBuildFile; fileRef = 2650AFBA22F28684006C7784 /* CourseCollectionCell.m */; };
		2650AFBE22F2872B006C7784 /* SequenceHeaderView.m in Sources */ = {isa = PBXBuildFile; fileRef = 2650AFBD22F2872B006C7784 /* SequenceHeaderView.m */; };
		2650AFC122F2F983006C7784 /* AddCourseVC.m in Sources */ = {isa = PBXBuildFile; fileRef = 2650AFC022F2F983006C7784 /* AddCourseVC.m */; };
		2650AFC522F42A8D006C7784 /* AddCourseView.m in Sources */ = {isa = PBXBuildFile; fileRef = 2650AFC422F42A8D006C7784 /* AddCourseView.m */; };
		2650AFCB22F42CD3006C7784 /* AddCourseModel.m in Sources */ = {isa = PBXBuildFile; fileRef = 2650AFCA22F42CD3006C7784 /* AddCourseModel.m */; };
		2650AFCE22F42F08006C7784 /* AddCourseInputCell.m in Sources */ = {isa = PBXBuildFile; fileRef = 2650AFCD22F42F08006C7784 /* AddCourseInputCell.m */; };
		269472F9230A395800F3C20E /* TodayVC.m in Sources */ = {isa = PBXBuildFile; fileRef = 269472ED230A395800F3C20E /* TodayVC.m */; };
		269472FA230A395800F3C20E /* TodayNoteModel.m in Sources */ = {isa = PBXBuildFile; fileRef = 269472F0230A395800F3C20E /* TodayNoteModel.m */; };
		269472FB230A395800F3C20E /* TodayDataManager.m in Sources */ = {isa = PBXBuildFile; fileRef = 269472F3230A395800F3C20E /* TodayDataManager.m */; };
		269472FC230A395800F3C20E /* TodayBriefInfoView.m in Sources */ = {isa = PBXBuildFile; fileRef = 269472F5230A395800F3C20E /* TodayBriefInfoView.m */; };
		269472FD230A395800F3C20E /* TodayNoteCell.m in Sources */ = {isa = PBXBuildFile; fileRef = 269472F8230A395800F3C20E /* TodayNoteCell.m */; };
		26947324230A756100F3C20E /* UIButton+ClickEventTime.m in Sources */ = {isa = PBXBuildFile; fileRef = 26947322230A756100F3C20E /* UIButton+ClickEventTime.m */; };
		2694733D230A758900F3C20E /* UIView+Addition.m in Sources */ = {isa = PBXBuildFile; fileRef = 26947326230A758900F3C20E /* UIView+Addition.m */; };
		2694733E230A758900F3C20E /* UIImage+Addition.m in Sources */ = {isa = PBXBuildFile; fileRef = 2694732A230A758900F3C20E /* UIImage+Addition.m */; };
		2694733F230A758900F3C20E /* NSArray+Addition.m in Sources */ = {isa = PBXBuildFile; fileRef = 2694732D230A758900F3C20E /* NSArray+Addition.m */; };
		26947340230A758900F3C20E /* NSDate+Addition.m in Sources */ = {isa = PBXBuildFile; fileRef = 26947330230A758900F3C20E /* NSDate+Addition.m */; };
		26947341230A758900F3C20E /* NSDictionary+Addition.m in Sources */ = {isa = PBXBuildFile; fileRef = 26947331230A758900F3C20E /* NSDictionary+Addition.m */; };
		26947342230A758900F3C20E /* NSObject+Addition.m in Sources */ = {isa = PBXBuildFile; fileRef = 26947332230A758900F3C20E /* NSObject+Addition.m */; };
		26947343230A758900F3C20E /* UIColor+Addition.m in Sources */ = {isa = PBXBuildFile; fileRef = 26947334230A758900F3C20E /* UIColor+Addition.m */; };
		26947344230A758900F3C20E /* NSMutableDictionary+Addition.m in Sources */ = {isa = PBXBuildFile; fileRef = 26947337230A758900F3C20E /* NSMutableDictionary+Addition.m */; };
		26947345230A758900F3C20E /* UIFont+Addition.m in Sources */ = {isa = PBXBuildFile; fileRef = 26947338230A758900F3C20E /* UIFont+Addition.m */; };
		26947346230A758900F3C20E /* NSData+Addition.m in Sources */ = {isa = PBXBuildFile; fileRef = 2694733B230A758900F3C20E /* NSData+Addition.m */; };
		26947347230A758900F3C20E /* NSString+Addition.m in Sources */ = {isa = PBXBuildFile; fileRef = 2694733C230A758900F3C20E /* NSString+Addition.m */; };
		26E0B13922EAE62E005BE40D /* CourseConfigVC.m in Sources */ = {isa = PBXBuildFile; fileRef = 26E0B12722EAE62E005BE40D /* CourseConfigVC.m */; };
		26E0B13A22EAE62E005BE40D /* CourseGridVC.m in Sources */ = {isa = PBXBuildFile; fileRef = 26E0B12A22EAE62E005BE40D /* CourseGridVC.m */; };
		26E0B13B22EAE62E005BE40D /* ItemTimeModel.m in Sources */ = {isa = PBXBuildFile; fileRef = 26E0B12C22EAE62E005BE40D /* ItemTimeModel.m */; };
		26E0B13C22EAE62E005BE40D /* CourseHeaderView.m in Sources */ = {isa = PBXBuildFile; fileRef = 26E0B12F22EAE62E005BE40D /* CourseHeaderView.m */; };
		26E0B13D22EAE62E005BE40D /* CourseConfigView.m in Sources */ = {isa = PBXBuildFile; fileRef = 26E0B13322EAE62E005BE40D /* CourseConfigView.m */; };
		26E0B13E22EAE62E005BE40D /* CourseTimeInfoCell.m in Sources */ = {isa = PBXBuildFile; fileRef = 26E0B13422EAE62E005BE40D /* CourseTimeInfoCell.m */; };
		26E0B14122EAE684005BE40D /* TestVC.m in Sources */ = {isa = PBXBuildFile; fileRef = 26E0B14022EAE684005BE40D /* TestVC.m */; };
		26EEACB622F7D39D00D8D079 /* JXFileManager.m in Sources */ = {isa = PBXBuildFile; fileRef = 26EEACB522F7D39D00D8D079 /* JXFileManager.m */; };
		26EEACBA22F7D80D00D8D079 /* BaseDataModel.m in Sources */ = {isa = PBXBuildFile; fileRef = 26EEACB922F7D80D00D8D079 /* BaseDataModel.m */; };
		26EEACC322F8307C00D8D079 /* HXPickViewToolBar.m in Sources */ = {isa = PBXBuildFile; fileRef = 26EEACBE22F8307C00D8D079 /* HXPickViewToolBar.m */; };
		26EEACC422F8307C00D8D079 /* HXCourseItemsPKV.m in Sources */ = {isa = PBXBuildFile; fileRef = 26EEACBF22F8307C00D8D079 /* HXCourseItemsPKV.m */; };
		26EEACC522F8307C00D8D079 /* HXDatePickView.m in Sources */ = {isa = PBXBuildFile; fileRef = 26EEACC122F8307C00D8D079 /* HXDatePickView.m */; };
		26EEACCF22F951A500D8D079 /* JXDateManager.m in Sources */ = {isa = PBXBuildFile; fileRef = 26EEACCD22F951A500D8D079 /* JXDateManager.m */; };
		26EEACD222FBBA3900D8D079 /* UseHelpVC.m in Sources */ = {isa = PBXBuildFile; fileRef = 26EEACD122FBBA3900D8D079 /* UseHelpVC.m */; };
		26EEACDB22FBBAAE00D8D079 /* AboutVC.m in Sources */ = {isa = PBXBuildFile; fileRef = 26EEACDA22FBBAAE00D8D079 /* AboutVC.m */; };
		26EEACDE22FBC82F00D8D079 /* BriefInfoHeaderView.m in Sources */ = {isa = PBXBuildFile; fileRef = 26EEACDD22FBC82F00D8D079 /* BriefInfoHeaderView.m */; };
		26EEACE722FBCCF900D8D079 /* abouthx.html in Resources */ = {isa = PBXBuildFile; fileRef = 26EEACE422FBCCF900D8D079 /* abouthx.html */; };
		26EEACE822FBCCF900D8D079 /* abouthx.js in Resources */ = {isa = PBXBuildFile; fileRef = 26EEACE522FBCCF900D8D079 /* abouthx.js */; };
		26EEACE922FBCCF900D8D079 /* abouthx.css in Resources */ = {isa = PBXBuildFile; fileRef = 26EEACE622FBCCF900D8D079 /* abouthx.css */; };
		26EEACF422FBFFE100D8D079 /* pay_wx.png in Resources */ = {isa = PBXBuildFile; fileRef = 26EEACF222FBFFE100D8D079 /* pay_wx.png */; };
		26EEACF522FBFFE100D8D079 /* pay_zfb.png in Resources */ = {isa = PBXBuildFile; fileRef = 26EEACF322FBFFE100D8D079 /* pay_zfb.png */; };
		26EEACF922FD0DEF00D8D079 /* HXWebController.m in Sources */ = {isa = PBXBuildFile; fileRef = 26EEACF822FD0DEF00D8D079 /* HXWebController.m */; };
		26EEACFC22FD0F1F00D8D079 /* JXWKWeb.m in Sources */ = {isa = PBXBuildFile; fileRef = 26EEACFA22FD0F1F00D8D079 /* JXWKWeb.m */; };
		26EEACFF22FD1D4400D8D079 /* help.gif in Resources */ = {isa = PBXBuildFile; fileRef = 26EEACFE22FD1D4400D8D079 /* help.gif */; };
		26EEAD0322FD428F00D8D079 /* FeedBackVC.m in Sources */ = {isa = PBXBuildFile; fileRef = 26EEAD0222FD428F00D8D079 /* FeedBackVC.m */; };
		26EEAD0922FD429E00D8D079 /* IdeaBackMainView.m in Sources */ = {isa = PBXBuildFile; fileRef = 26EEAD0522FD429E00D8D079 /* IdeaBackMainView.m */; };
		26EEAD0A22FD429E00D8D079 /* IdeaBackSuccessView.m in Sources */ = {isa = PBXBuildFile; fileRef = 26EEAD0822FD429E00D8D079 /* IdeaBackSuccessView.m */; };
		26EEAD1122FD441100D8D079 /* TZTestCell.m in Sources */ = {isa = PBXBuildFile; fileRef = 26EEAD0D22FD441100D8D079 /* TZTestCell.m */; };
		26EEAD1222FD441100D8D079 /* LxGridViewFlowLayout.m in Sources */ = {isa = PBXBuildFile; fileRef = 26EEAD1022FD441100D8D079 /* LxGridViewFlowLayout.m */; };
		26EEAD3A22FD6E5900D8D079 /* HXInfo.m in Sources */ = {isa = PBXBuildFile; fileRef = 26EEAD3922FD6E5900D8D079 /* HXInfo.m */; };
		26EEAD3E22FD6FFF00D8D079 /* HXUtil.m in Sources */ = {isa = PBXBuildFile; fileRef = 26EEAD3D22FD6FFF00D8D079 /* HXUtil.m */; };
		26EEAD4322FD820300D8D079 /* PaySupportVC.m in Sources */ = {isa = PBXBuildFile; fileRef = 26EEAD4222FD820300D8D079 /* PaySupportVC.m */; };
		26EEAD4622FD823000D8D079 /* PaySupportView.m in Sources */ = {isa = PBXBuildFile; fileRef = 26EEAD4522FD823000D8D079 /* PaySupportView.m */; };
		26EEAD4922FD824A00D8D079 /* PayItemView.m in Sources */ = {isa = PBXBuildFile; fileRef = 26EEAD4822FD824A00D8D079 /* PayItemView.m */; };
		469E585A22D77F580077AE51 /* Assets.xcassets in Resources */ = {isa = PBXBuildFile; fileRef = 469E585922D77F580077AE51 /* Assets.xcassets */; };
		469E585D22D77F580077AE51 /* LaunchScreen.storyboard in Resources */ = {isa = PBXBuildFile; fileRef = 469E585B22D77F580077AE51 /* LaunchScreen.storyboard */; };
		469E586022D77F580077AE51 /* main.m in Sources */ = {isa = PBXBuildFile; fileRef = 469E585F22D77F580077AE51 /* main.m */; };
		469E586F22D780A80077AE51 /* AppDelegate.m in Sources */ = {isa = PBXBuildFile; fileRef = 469E586B22D780A70077AE51 /* AppDelegate.m */; };
		46BC169922DA347A00A70F23 /* UIAdapter.m in Sources */ = {isa = PBXBuildFile; fileRef = 46BC169722DA347A00A70F23 /* UIAdapter.m */; };
		46BC16C222DA3D4D00A70F23 /* PersonVC.m in Sources */ = {isa = PBXBuildFile; fileRef = 46BC16BE22DA3D4D00A70F23 /* PersonVC.m */; };
		46BC16C522DA3D7900A70F23 /* PersonManager.m in Sources */ = {isa = PBXBuildFile; fileRef = 46BC16C422DA3D7900A70F23 /* PersonManager.m */; };
		46BC16C822DA3D9D00A70F23 /* PersonDataModel.m in Sources */ = {isa = PBXBuildFile; fileRef = 46BC16C722DA3D9D00A70F23 /* PersonDataModel.m */; };
		46BC16CB22DAC2DD00A70F23 /* PersonMainView.m in Sources */ = {isa = PBXBuildFile; fileRef = 46BC16CA22DAC2DD00A70F23 /* PersonMainView.m */; };
		46BC16CE22DAF0B900A70F23 /* BriefInfoCell.m in Sources */ = {isa = PBXBuildFile; fileRef = 46BC16CD22DAF0B900A70F23 /* BriefInfoCell.m */; };
		EB6AE177C7EA7003A1C5C670 /* libPods-HuaXing.a in Frameworks */ = {isa = PBXBuildFile; fileRef = F68DAD5807E4BD3BF2EB8C94 /* libPods-HuaXing.a */; };
/* End PBXBuildFile section */

/* Begin PBXFileReference section */
		0DC983F95E75035A569B180B /* Pods-HuaXing.debug.xcconfig */ = {isa = PBXFileReference; includeInIndex = 1; lastKnownFileType = text.xcconfig; name = "Pods-HuaXing.debug.xcconfig"; path = "Target Support Files/Pods-HuaXing/Pods-HuaXing.debug.xcconfig"; sourceTree = "<group>"; };
		26024BEC22D8A1FD00143425 /* HXBaseVC.h */ = {isa = PBXFileReference; lastKnownFileType = sourcecode.c.h; path = HXBaseVC.h; sourceTree = "<group>"; };
		26024BED22D8A1FD00143425 /* HXBaseVC.m */ = {isa = PBXFileReference; lastKnownFileType = sourcecode.c.objc; path = HXBaseVC.m; sourceTree = "<group>"; };
		26024BEF22D8A21600143425 /* HXTabAdapter.h */ = {isa = PBXFileReference; lastKnownFileType = sourcecode.c.h; path = HXTabAdapter.h; sourceTree = "<group>"; };
		26024BF022D8A21600143425 /* HXTabAdapter.m */ = {isa = PBXFileReference; lastKnownFileType = sourcecode.c.objc; path = HXTabAdapter.m; sourceTree = "<group>"; };
		26024BF822D8A2EA00143425 /* HXNavigationVC.h */ = {isa = PBXFileReference; lastKnownFileType = sourcecode.c.h; path = HXNavigationVC.h; sourceTree = "<group>"; };
		26024BF922D8A2EA00143425 /* HXNavigationVC.m */ = {isa = PBXFileReference; lastKnownFileType = sourcecode.c.objc; path = HXNavigationVC.m; sourceTree = "<group>"; };
		2617CF02230140A4005F4558 /* HXLaunchConfig.h */ = {isa = PBXFileReference; lastKnownFileType = sourcecode.c.h; path = HXLaunchConfig.h; sourceTree = "<group>"; };
		2617CF03230140A4005F4558 /* HXLaunchConfig.m */ = {isa = PBXFileReference; lastKnownFileType = sourcecode.c.objc; path = HXLaunchConfig.m; sourceTree = "<group>"; };
		2617CF062301412B005F4558 /* HXShareManager.h */ = {isa = PBXFileReference; lastKnownFileType = sourcecode.c.h; path = HXShareManager.h; sourceTree = "<group>"; };
		2617CF072301412B005F4558 /* HXShareManager.m */ = {isa = PBXFileReference; lastKnownFileType = sourcecode.c.objc; path = HXShareManager.m; sourceTree = "<group>"; };
		2617CF09230169B8005F4558 /* HXToast.h */ = {isa = PBXFileReference; fileEncoding = 4; lastKnownFileType = sourcecode.c.h; path = HXToast.h; sourceTree = "<group>"; };
		2617CF0A230169B9005F4558 /* HXToast.m */ = {isa = PBXFileReference; fileEncoding = 4; lastKnownFileType = sourcecode.c.objc; path = HXToast.m; sourceTree = "<group>"; };
		2617CF0C230169B9005F4558 /* MBProgressHUD.m */ = {isa = PBXFileReference; fileEncoding = 4; lastKnownFileType = sourcecode.c.objc; path = MBProgressHUD.m; sourceTree = "<group>"; };
		2617CF0D230169B9005F4558 /* MBProgressHUD.h */ = {isa = PBXFileReference; fileEncoding = 4; lastKnownFileType = sourcecode.c.h; path = MBProgressHUD.h; sourceTree = "<group>"; };
		2617CF1C2306A180005F4558 /* LTSCalendarBaseViewController.m */ = {isa = PBXFileReference; fileEncoding = 4; lastKnownFileType = sourcecode.c.objc; path = LTSCalendarBaseViewController.m; sourceTree = "<group>"; };
		2617CF1D2306A180005F4558 /* LTSCalendarManager.m */ = {isa = PBXFileReference; fileEncoding = 4; lastKnownFileType = sourcecode.c.objc; path = LTSCalendarManager.m; sourceTree = "<group>"; };
		2617CF1E2306A180005F4558 /* LTSCalendarDayView.m */ = {isa = PBXFileReference; fileEncoding = 4; lastKnownFileType = sourcecode.c.objc; path = LTSCalendarDayView.m; sourceTree = "<group>"; };
		2617CF1F2306A180005F4558 /* LTSCalendarSelectedWeekView.m */ = {isa = PBXFileReference; fileEncoding = 4; lastKnownFileType = sourcecode.c.objc; path = LTSCalendarSelectedWeekView.m; sourceTree = "<group>"; };
		2617CF202306A180005F4558 /* LTSCircleView.m */ = {isa = PBXFileReference; fileEncoding = 4; lastKnownFileType = sourcecode.c.objc; path = LTSCircleView.m; sourceTree = "<group>"; };
		2617CF212306A180005F4558 /* LTSCalendarAppearance.m */ = {isa = PBXFileReference; fileEncoding = 4; lastKnownFileType = sourcecode.c.objc; path = LTSCalendarAppearance.m; sourceTree = "<group>"; };
		2617CF222306A180005F4558 /* LTSCalendarDataCache.m */ = {isa = PBXFileReference; fileEncoding = 4; lastKnownFileType = sourcecode.c.objc; path = LTSCalendarDataCache.m; sourceTree = "<group>"; };
		2617CF232306A180005F4558 /* LTSCalendarWeekDayView.h */ = {isa = PBXFileReference; fileEncoding = 4; lastKnownFileType = sourcecode.c.h; path = LTSCalendarWeekDayView.h; sourceTree = "<group>"; };
		2617CF242306A180005F4558 /* LTSCalendarWeekView.h */ = {isa = PBXFileReference; fileEncoding = 4; lastKnownFileType = sourcecode.c.h; path = LTSCalendarWeekView.h; sourceTree = "<group>"; };
		2617CF252306A180005F4558 /* LTSCalendarView.m */ = {isa = PBXFileReference; fileEncoding = 4; lastKnownFileType = sourcecode.c.objc; path = LTSCalendarView.m; sourceTree = "<group>"; };
		2617CF262306A180005F4558 /* LTSCalendarContentView.m */ = {isa = PBXFileReference; fileEncoding = 4; lastKnownFileType = sourcecode.c.objc; path = LTSCalendarContentView.m; sourceTree = "<group>"; };
		2617CF272306A180005F4558 /* LTSCalendarMonthView.m */ = {isa = PBXFileReference; fileEncoding = 4; lastKnownFileType = sourcecode.c.objc; path = LTSCalendarMonthView.m; sourceTree = "<group>"; };
		2617CF282306A180005F4558 /* LTSCalendarBaseViewController.h */ = {isa = PBXFileReference; fileEncoding = 4; lastKnownFileType = sourcecode.c.h; path = LTSCalendarBaseViewController.h; sourceTree = "<group>"; };
		2617CF292306A180005F4558 /* LTSCalendarDataCache.h */ = {isa = PBXFileReference; fileEncoding = 4; lastKnownFileType = sourcecode.c.h; path = LTSCalendarDataCache.h; sourceTree = "<group>"; };
		2617CF2A2306A180005F4558 /* LTSCalendarAppearance.h */ = {isa = PBXFileReference; fileEncoding = 4; lastKnownFileType = sourcecode.c.h; path = LTSCalendarAppearance.h; sourceTree = "<group>"; };
		2617CF2B2306A180005F4558 /* LTSCircleView.h */ = {isa = PBXFileReference; fileEncoding = 4; lastKnownFileType = sourcecode.c.h; path = LTSCircleView.h; sourceTree = "<group>"; };
		2617CF2C2306A180005F4558 /* LTSCalendarDayView.h */ = {isa = PBXFileReference; fileEncoding = 4; lastKnownFileType = sourcecode.c.h; path = LTSCalendarDayView.h; sourceTree = "<group>"; };
		2617CF2D2306A180005F4558 /* LTSCalendarSelectedWeekView.h */ = {isa = PBXFileReference; fileEncoding = 4; lastKnownFileType = sourcecode.c.h; path = LTSCalendarSelectedWeekView.h; sourceTree = "<group>"; };
		2617CF2E2306A180005F4558 /* LTSCalendarManager.h */ = {isa = PBXFileReference; fileEncoding = 4; lastKnownFileType = sourcecode.c.h; path = LTSCalendarManager.h; sourceTree = "<group>"; };
		2617CF2F2306A180005F4558 /* LTSCalendarContentView.h */ = {isa = PBXFileReference; fileEncoding = 4; lastKnownFileType = sourcecode.c.h; path = LTSCalendarContentView.h; sourceTree = "<group>"; };
		2617CF302306A180005F4558 /* LTSCalendarView.h */ = {isa = PBXFileReference; fileEncoding = 4; lastKnownFileType = sourcecode.c.h; path = LTSCalendarView.h; sourceTree = "<group>"; };
		2617CF312306A180005F4558 /* LTSCalendarWeekView.m */ = {isa = PBXFileReference; fileEncoding = 4; lastKnownFileType = sourcecode.c.objc; path = LTSCalendarWeekView.m; sourceTree = "<group>"; };
		2617CF322306A180005F4558 /* LTSCalendarWeekDayView.m */ = {isa = PBXFileReference; fileEncoding = 4; lastKnownFileType = sourcecode.c.objc; path = LTSCalendarWeekDayView.m; sourceTree = "<group>"; };
		2617CF332306A180005F4558 /* LTSCalendarEventSource.h */ = {isa = PBXFileReference; fileEncoding = 4; lastKnownFileType = sourcecode.c.h; path = LTSCalendarEventSource.h; sourceTree = "<group>"; };
		2617CF342306A180005F4558 /* LTSCalendarMonthView.h */ = {isa = PBXFileReference; fileEncoding = 4; lastKnownFileType = sourcecode.c.h; path = LTSCalendarMonthView.h; sourceTree = "<group>"; };
		2650AF8122EFEB36006C7784 /* ClassTableMainView.h */ = {isa = PBXFileReference; lastKnownFileType = sourcecode.c.h; path = ClassTableMainView.h; sourceTree = "<group>"; };
		2650AF8222EFEB36006C7784 /* ClassTableMainView.m */ = {isa = PBXFileReference; lastKnownFileType = sourcecode.c.objc; path = ClassTableMainView.m; sourceTree = "<group>"; };
		2650AF9A22F19059006C7784 /* ClassItemDataModel.h */ = {isa = PBXFileReference; fileEncoding = 4; lastKnownFileType = sourcecode.c.h; path = ClassItemDataModel.h; sourceTree = "<group>"; };
		2650AF9B22F19059006C7784 /* ClassItemDataModel.m */ = {isa = PBXFileReference; fileEncoding = 4; lastKnownFileType = sourcecode.c.objc; path = ClassItemDataModel.m; sourceTree = "<group>"; };
		2650AFA922F1A0AC006C7784 /* ClassTableHeaderView.m */ = {isa = PBXFileReference; fileEncoding = 4; lastKnownFileType = sourcecode.c.objc; path = ClassTableHeaderView.m; sourceTree = "<group>"; };
		2650AFAA22F1A0AC006C7784 /* ClassTableHeaderView.h */ = {isa = PBXFileReference; fileEncoding = 4; lastKnownFileType = sourcecode.c.h; path = ClassTableHeaderView.h; sourceTree = "<group>"; };
		2650AFAC22F1A0AC006C7784 /* ClassTableCell.m */ = {isa = PBXFileReference; fileEncoding = 4; lastKnownFileType = sourcecode.c.objc; path = ClassTableCell.m; sourceTree = "<group>"; };
		2650AFAD22F1A0AC006C7784 /* ClassTableCell.h */ = {isa = PBXFileReference; fileEncoding = 4; lastKnownFileType = sourcecode.c.h; path = ClassTableCell.h; sourceTree = "<group>"; };
		2650AFB022F1A233006C7784 /* DateCollectionViewCell.h */ = {isa = PBXFileReference; lastKnownFileType = sourcecode.c.h; path = DateCollectionViewCell.h; sourceTree = "<group>"; };
		2650AFB122F1A233006C7784 /* DateCollectionViewCell.m */ = {isa = PBXFileReference; lastKnownFileType = sourcecode.c.objc; path = DateCollectionViewCell.m; sourceTree = "<group>"; };
		2650AFB622F1AAE0006C7784 /* TableInfoHeaderView.h */ = {isa = PBXFileReference; lastKnownFileType = sourcecode.c.h; path = TableInfoHeaderView.h; sourceTree = "<group>"; };
		2650AFB722F1AAE0006C7784 /* TableInfoHeaderView.m */ = {isa = PBXFileReference; lastKnownFileType = sourcecode.c.objc; path = TableInfoHeaderView.m; sourceTree = "<group>"; };
		2650AFB922F2867E006C7784 /* CourseCollectionCell.h */ = {isa = PBXFileReference; fileEncoding = 4; lastKnownFileType = sourcecode.c.h; path = CourseCollectionCell.h; sourceTree = "<group>"; };
		2650AFBA22F28684006C7784 /* CourseCollectionCell.m */ = {isa = PBXFileReference; fileEncoding = 4; lastKnownFileType = sourcecode.c.objc; path = CourseCollectionCell.m; sourceTree = "<group>"; };
		2650AFBC22F2872B006C7784 /* SequenceHeaderView.h */ = {isa = PBXFileReference; lastKnownFileType = sourcecode.c.h; path = SequenceHeaderView.h; sourceTree = "<group>"; };
		2650AFBD22F2872B006C7784 /* SequenceHeaderView.m */ = {isa = PBXFileReference; lastKnownFileType = sourcecode.c.objc; path = SequenceHeaderView.m; sourceTree = "<group>"; };
		2650AFBF22F2F983006C7784 /* AddCourseVC.h */ = {isa = PBXFileReference; lastKnownFileType = sourcecode.c.h; path = AddCourseVC.h; sourceTree = "<group>"; };
		2650AFC022F2F983006C7784 /* AddCourseVC.m */ = {isa = PBXFileReference; lastKnownFileType = sourcecode.c.objc; path = AddCourseVC.m; sourceTree = "<group>"; };
		2650AFC322F42A8D006C7784 /* AddCourseView.h */ = {isa = PBXFileReference; lastKnownFileType = sourcecode.c.h; path = AddCourseView.h; sourceTree = "<group>"; };
		2650AFC422F42A8D006C7784 /* AddCourseView.m */ = {isa = PBXFileReference; lastKnownFileType = sourcecode.c.objc; path = AddCourseView.m; sourceTree = "<group>"; };
		2650AFC922F42CD3006C7784 /* AddCourseModel.h */ = {isa = PBXFileReference; lastKnownFileType = sourcecode.c.h; path = AddCourseModel.h; sourceTree = "<group>"; };
		2650AFCA22F42CD3006C7784 /* AddCourseModel.m */ = {isa = PBXFileReference; lastKnownFileType = sourcecode.c.objc; path = AddCourseModel.m; sourceTree = "<group>"; };
		2650AFCC22F42F08006C7784 /* AddCourseInputCell.h */ = {isa = PBXFileReference; lastKnownFileType = sourcecode.c.h; path = AddCourseInputCell.h; sourceTree = "<group>"; };
		2650AFCD22F42F08006C7784 /* AddCourseInputCell.m */ = {isa = PBXFileReference; lastKnownFileType = sourcecode.c.objc; path = AddCourseInputCell.m; sourceTree = "<group>"; };
		269472ED230A395800F3C20E /* TodayVC.m */ = {isa = PBXFileReference; fileEncoding = 4; lastKnownFileType = sourcecode.c.objc; path = TodayVC.m; sourceTree = "<group>"; };
		269472EE230A395800F3C20E /* TodayVC.h */ = {isa = PBXFileReference; fileEncoding = 4; lastKnownFileType = sourcecode.c.h; path = TodayVC.h; sourceTree = "<group>"; };
		269472F0230A395800F3C20E /* TodayNoteModel.m */ = {isa = PBXFileReference; fileEncoding = 4; lastKnownFileType = sourcecode.c.objc; path = TodayNoteModel.m; sourceTree = "<group>"; };
		269472F1230A395800F3C20E /* TodayDataManager.h */ = {isa = PBXFileReference; fileEncoding = 4; lastKnownFileType = sourcecode.c.h; path = TodayDataManager.h; sourceTree = "<group>"; };
		269472F2230A395800F3C20E /* TodayNoteModel.h */ = {isa = PBXFileReference; fileEncoding = 4; lastKnownFileType = sourcecode.c.h; path = TodayNoteModel.h; sourceTree = "<group>"; };
		269472F3230A395800F3C20E /* TodayDataManager.m */ = {isa = PBXFileReference; fileEncoding = 4; lastKnownFileType = sourcecode.c.objc; path = TodayDataManager.m; sourceTree = "<group>"; };
		269472F5230A395800F3C20E /* TodayBriefInfoView.m */ = {isa = PBXFileReference; fileEncoding = 4; lastKnownFileType = sourcecode.c.objc; path = TodayBriefInfoView.m; sourceTree = "<group>"; };
		269472F6230A395800F3C20E /* TodayNoteCell.h */ = {isa = PBXFileReference; fileEncoding = 4; lastKnownFileType = sourcecode.c.h; path = TodayNoteCell.h; sourceTree = "<group>"; };
		269472F7230A395800F3C20E /* TodayBriefInfoView.h */ = {isa = PBXFileReference; fileEncoding = 4; lastKnownFileType = sourcecode.c.h; path = TodayBriefInfoView.h; sourceTree = "<group>"; };
		269472F8230A395800F3C20E /* TodayNoteCell.m */ = {isa = PBXFileReference; fileEncoding = 4; lastKnownFileType = sourcecode.c.objc; path = TodayNoteCell.m; sourceTree = "<group>"; };
		26947322230A756100F3C20E /* UIButton+ClickEventTime.m */ = {isa = PBXFileReference; fileEncoding = 4; lastKnownFileType = sourcecode.c.objc; path = "UIButton+ClickEventTime.m"; sourceTree = "<group>"; };
		26947323230A756100F3C20E /* UIButton+ClickEventTime.h */ = {isa = PBXFileReference; fileEncoding = 4; lastKnownFileType = sourcecode.c.h; path = "UIButton+ClickEventTime.h"; sourceTree = "<group>"; };
		26947326230A758900F3C20E /* UIView+Addition.m */ = {isa = PBXFileReference; fileEncoding = 4; lastKnownFileType = sourcecode.c.objc; path = "UIView+Addition.m"; sourceTree = "<group>"; };
		26947327230A758900F3C20E /* UIColor+Addition.h */ = {isa = PBXFileReference; fileEncoding = 4; lastKnownFileType = sourcecode.c.h; path = "UIColor+Addition.h"; sourceTree = "<group>"; };
		26947328230A758900F3C20E /* NSObject+Addition.h */ = {isa = PBXFileReference; fileEncoding = 4; lastKnownFileType = sourcecode.c.h; path = "NSObject+Addition.h"; sourceTree = "<group>"; };
		26947329230A758900F3C20E /* NSDictionary+Addition.h */ = {isa = PBXFileReference; fileEncoding = 4; lastKnownFileType = sourcecode.c.h; path = "NSDictionary+Addition.h"; sourceTree = "<group>"; };
		2694732A230A758900F3C20E /* UIImage+Addition.m */ = {isa = PBXFileReference; fileEncoding = 4; lastKnownFileType = sourcecode.c.objc; path = "UIImage+Addition.m"; sourceTree = "<group>"; };
		2694732B230A758900F3C20E /* UIFont+Addition.h */ = {isa = PBXFileReference; fileEncoding = 4; lastKnownFileType = sourcecode.c.h; path = "UIFont+Addition.h"; sourceTree = "<group>"; };
		2694732C230A758900F3C20E /* NSMutableDictionary+Addition.h */ = {isa = PBXFileReference; fileEncoding = 4; lastKnownFileType = sourcecode.c.h; path = "NSMutableDictionary+Addition.h"; sourceTree = "<group>"; };
		2694732D230A758900F3C20E /* NSArray+Addition.m */ = {isa = PBXFileReference; fileEncoding = 4; lastKnownFileType = sourcecode.c.objc; path = "NSArray+Addition.m"; sourceTree = "<group>"; };
		2694732E230A758900F3C20E /* NSString+Addition.h */ = {isa = PBXFileReference; fileEncoding = 4; lastKnownFileType = sourcecode.c.h; path = "NSString+Addition.h"; sourceTree = "<group>"; };
		2694732F230A758900F3C20E /* NSData+Addition.h */ = {isa = PBXFileReference; fileEncoding = 4; lastKnownFileType = sourcecode.c.h; path = "NSData+Addition.h"; sourceTree = "<group>"; };
		26947330230A758900F3C20E /* NSDate+Addition.m */ = {isa = PBXFileReference; fileEncoding = 4; lastKnownFileType = sourcecode.c.objc; path = "NSDate+Addition.m"; sourceTree = "<group>"; };
		26947331230A758900F3C20E /* NSDictionary+Addition.m */ = {isa = PBXFileReference; fileEncoding = 4; lastKnownFileType = sourcecode.c.objc; path = "NSDictionary+Addition.m"; sourceTree = "<group>"; };
		26947332230A758900F3C20E /* NSObject+Addition.m */ = {isa = PBXFileReference; fileEncoding = 4; lastKnownFileType = sourcecode.c.objc; path = "NSObject+Addition.m"; sourceTree = "<group>"; };
		26947333230A758900F3C20E /* UIView+Addition.h */ = {isa = PBXFileReference; fileEncoding = 4; lastKnownFileType = sourcecode.c.h; path = "UIView+Addition.h"; sourceTree = "<group>"; };
		26947334230A758900F3C20E /* UIColor+Addition.m */ = {isa = PBXFileReference; fileEncoding = 4; lastKnownFileType = sourcecode.c.objc; path = "UIColor+Addition.m"; sourceTree = "<group>"; };
		26947335230A758900F3C20E /* NSArray+Addition.h */ = {isa = PBXFileReference; fileEncoding = 4; lastKnownFileType = sourcecode.c.h; path = "NSArray+Addition.h"; sourceTree = "<group>"; };
		26947336230A758900F3C20E /* Addition.h */ = {isa = PBXFileReference; fileEncoding = 4; lastKnownFileType = sourcecode.c.h; path = Addition.h; sourceTree = "<group>"; };
		26947337230A758900F3C20E /* NSMutableDictionary+Addition.m */ = {isa = PBXFileReference; fileEncoding = 4; lastKnownFileType = sourcecode.c.objc; path = "NSMutableDictionary+Addition.m"; sourceTree = "<group>"; };
		26947338230A758900F3C20E /* UIFont+Addition.m */ = {isa = PBXFileReference; fileEncoding = 4; lastKnownFileType = sourcecode.c.objc; path = "UIFont+Addition.m"; sourceTree = "<group>"; };
		26947339230A758900F3C20E /* UIImage+Addition.h */ = {isa = PBXFileReference; fileEncoding = 4; lastKnownFileType = sourcecode.c.h; path = "UIImage+Addition.h"; sourceTree = "<group>"; };
		2694733A230A758900F3C20E /* NSDate+Addition.h */ = {isa = PBXFileReference; fileEncoding = 4; lastKnownFileType = sourcecode.c.h; path = "NSDate+Addition.h"; sourceTree = "<group>"; };
		2694733B230A758900F3C20E /* NSData+Addition.m */ = {isa = PBXFileReference; fileEncoding = 4; lastKnownFileType = sourcecode.c.objc; path = "NSData+Addition.m"; sourceTree = "<group>"; };
		2694733C230A758900F3C20E /* NSString+Addition.m */ = {isa = PBXFileReference; fileEncoding = 4; lastKnownFileType = sourcecode.c.objc; path = "NSString+Addition.m"; sourceTree = "<group>"; };
		26E0B12722EAE62E005BE40D /* CourseConfigVC.m */ = {isa = PBXFileReference; fileEncoding = 4; lastKnownFileType = sourcecode.c.objc; path = CourseConfigVC.m; sourceTree = "<group>"; };
		26E0B12822EAE62E005BE40D /* CourseGridVC.h */ = {isa = PBXFileReference; fileEncoding = 4; lastKnownFileType = sourcecode.c.h; path = CourseGridVC.h; sourceTree = "<group>"; };
		26E0B12922EAE62E005BE40D /* CourseConfigVC.h */ = {isa = PBXFileReference; fileEncoding = 4; lastKnownFileType = sourcecode.c.h; path = CourseConfigVC.h; sourceTree = "<group>"; };
		26E0B12A22EAE62E005BE40D /* CourseGridVC.m */ = {isa = PBXFileReference; fileEncoding = 4; lastKnownFileType = sourcecode.c.objc; path = CourseGridVC.m; sourceTree = "<group>"; };
		26E0B12C22EAE62E005BE40D /* ItemTimeModel.m */ = {isa = PBXFileReference; fileEncoding = 4; lastKnownFileType = sourcecode.c.objc; path = ItemTimeModel.m; sourceTree = "<group>"; };
		26E0B12D22EAE62E005BE40D /* ItemTimeModel.h */ = {isa = PBXFileReference; fileEncoding = 4; lastKnownFileType = sourcecode.c.h; path = ItemTimeModel.h; sourceTree = "<group>"; };
		26E0B12F22EAE62E005BE40D /* CourseHeaderView.m */ = {isa = PBXFileReference; fileEncoding = 4; lastKnownFileType = sourcecode.c.objc; path = CourseHeaderView.m; sourceTree = "<group>"; };
		26E0B13022EAE62E005BE40D /* CourseTimeInfoCell.h */ = {isa = PBXFileReference; fileEncoding = 4; lastKnownFileType = sourcecode.c.h; path = CourseTimeInfoCell.h; sourceTree = "<group>"; };
		26E0B13122EAE62E005BE40D /* CourseConfigView.h */ = {isa = PBXFileReference; fileEncoding = 4; lastKnownFileType = sourcecode.c.h; path = CourseConfigView.h; sourceTree = "<group>"; };
		26E0B13222EAE62E005BE40D /* CourseHeaderView.h */ = {isa = PBXFileReference; fileEncoding = 4; lastKnownFileType = sourcecode.c.h; path = CourseHeaderView.h; sourceTree = "<group>"; };
		26E0B13322EAE62E005BE40D /* CourseConfigView.m */ = {isa = PBXFileReference; fileEncoding = 4; lastKnownFileType = sourcecode.c.objc; path = CourseConfigView.m; sourceTree = "<group>"; };
		26E0B13422EAE62E005BE40D /* CourseTimeInfoCell.m */ = {isa = PBXFileReference; fileEncoding = 4; lastKnownFileType = sourcecode.c.objc; path = CourseTimeInfoCell.m; sourceTree = "<group>"; };
		26E0B13F22EAE684005BE40D /* TestVC.h */ = {isa = PBXFileReference; lastKnownFileType = sourcecode.c.h; path = TestVC.h; sourceTree = "<group>"; };
		26E0B14022EAE684005BE40D /* TestVC.m */ = {isa = PBXFileReference; lastKnownFileType = sourcecode.c.objc; path = TestVC.m; sourceTree = "<group>"; };
		26EEACB422F7D39D00D8D079 /* JXFileManager.h */ = {isa = PBXFileReference; fileEncoding = 4; lastKnownFileType = sourcecode.c.h; path = JXFileManager.h; sourceTree = "<group>"; };
		26EEACB522F7D39D00D8D079 /* JXFileManager.m */ = {isa = PBXFileReference; fileEncoding = 4; lastKnownFileType = sourcecode.c.objc; path = JXFileManager.m; sourceTree = "<group>"; };
		26EEACB822F7D80D00D8D079 /* BaseDataModel.h */ = {isa = PBXFileReference; lastKnownFileType = sourcecode.c.h; path = BaseDataModel.h; sourceTree = "<group>"; };
		26EEACB922F7D80D00D8D079 /* BaseDataModel.m */ = {isa = PBXFileReference; lastKnownFileType = sourcecode.c.objc; path = BaseDataModel.m; sourceTree = "<group>"; };
		26EEACBC22F8307C00D8D079 /* HXCourseItemsPKV.h */ = {isa = PBXFileReference; fileEncoding = 4; lastKnownFileType = sourcecode.c.h; path = HXCourseItemsPKV.h; sourceTree = "<group>"; };
		26EEACBD22F8307C00D8D079 /* HXDatePickView.h */ = {isa = PBXFileReference; fileEncoding = 4; lastKnownFileType = sourcecode.c.h; path = HXDatePickView.h; sourceTree = "<group>"; };
		26EEACBE22F8307C00D8D079 /* HXPickViewToolBar.m */ = {isa = PBXFileReference; fileEncoding = 4; lastKnownFileType = sourcecode.c.objc; path = HXPickViewToolBar.m; sourceTree = "<group>"; };
		26EEACBF22F8307C00D8D079 /* HXCourseItemsPKV.m */ = {isa = PBXFileReference; fileEncoding = 4; lastKnownFileType = sourcecode.c.objc; path = HXCourseItemsPKV.m; sourceTree = "<group>"; };
		26EEACC022F8307C00D8D079 /* HXPickViewToolBar.h */ = {isa = PBXFileReference; fileEncoding = 4; lastKnownFileType = sourcecode.c.h; path = HXPickViewToolBar.h; sourceTree = "<group>"; };
		26EEACC122F8307C00D8D079 /* HXDatePickView.m */ = {isa = PBXFileReference; fileEncoding = 4; lastKnownFileType = sourcecode.c.objc; path = HXDatePickView.m; sourceTree = "<group>"; };
		26EEACCD22F951A500D8D079 /* JXDateManager.m */ = {isa = PBXFileReference; fileEncoding = 4; lastKnownFileType = sourcecode.c.objc; path = JXDateManager.m; sourceTree = "<group>"; };
		26EEACCE22F951A500D8D079 /* JXDateManager.h */ = {isa = PBXFileReference; fileEncoding = 4; lastKnownFileType = sourcecode.c.h; path = JXDateManager.h; sourceTree = "<group>"; };
		26EEACD022FBBA3900D8D079 /* UseHelpVC.h */ = {isa = PBXFileReference; lastKnownFileType = sourcecode.c.h; path = UseHelpVC.h; sourceTree = "<group>"; };
		26EEACD122FBBA3900D8D079 /* UseHelpVC.m */ = {isa = PBXFileReference; lastKnownFileType = sourcecode.c.objc; path = UseHelpVC.m; sourceTree = "<group>"; };
		26EEACD922FBBAAE00D8D079 /* AboutVC.h */ = {isa = PBXFileReference; lastKnownFileType = sourcecode.c.h; path = AboutVC.h; sourceTree = "<group>"; };
		26EEACDA22FBBAAE00D8D079 /* AboutVC.m */ = {isa = PBXFileReference; lastKnownFileType = sourcecode.c.objc; path = AboutVC.m; sourceTree = "<group>"; };
		26EEACDC22FBC82F00D8D079 /* BriefInfoHeaderView.h */ = {isa = PBXFileReference; lastKnownFileType = sourcecode.c.h; path = BriefInfoHeaderView.h; sourceTree = "<group>"; };
		26EEACDD22FBC82F00D8D079 /* BriefInfoHeaderView.m */ = {isa = PBXFileReference; lastKnownFileType = sourcecode.c.objc; path = BriefInfoHeaderView.m; sourceTree = "<group>"; };
		26EEACE422FBCCF900D8D079 /* abouthx.html */ = {isa = PBXFileReference; fileEncoding = 4; lastKnownFileType = text.html; path = abouthx.html; sourceTree = "<group>"; };
		26EEACE522FBCCF900D8D079 /* abouthx.js */ = {isa = PBXFileReference; fileEncoding = 4; lastKnownFileType = sourcecode.javascript; path = abouthx.js; sourceTree = "<group>"; };
		26EEACE622FBCCF900D8D079 /* abouthx.css */ = {isa = PBXFileReference; fileEncoding = 4; lastKnownFileType = text.css; path = abouthx.css; sourceTree = "<group>"; };
		26EEACF222FBFFE100D8D079 /* pay_wx.png */ = {isa = PBXFileReference; lastKnownFileType = image.png; path = pay_wx.png; sourceTree = "<group>"; };
		26EEACF322FBFFE100D8D079 /* pay_zfb.png */ = {isa = PBXFileReference; lastKnownFileType = image.png; path = pay_zfb.png; sourceTree = "<group>"; };
		26EEACF722FD0DEF00D8D079 /* HXWebController.h */ = {isa = PBXFileReference; lastKnownFileType = sourcecode.c.h; path = HXWebController.h; sourceTree = "<group>"; };
		26EEACF822FD0DEF00D8D079 /* HXWebController.m */ = {isa = PBXFileReference; lastKnownFileType = sourcecode.c.objc; path = HXWebController.m; sourceTree = "<group>"; };
		26EEACFA22FD0F1F00D8D079 /* JXWKWeb.m */ = {isa = PBXFileReference; fileEncoding = 4; lastKnownFileType = sourcecode.c.objc; path = JXWKWeb.m; sourceTree = "<group>"; };
		26EEACFB22FD0F1F00D8D079 /* JXWKWeb.h */ = {isa = PBXFileReference; fileEncoding = 4; lastKnownFileType = sourcecode.c.h; path = JXWKWeb.h; sourceTree = "<group>"; };
		26EEACFE22FD1D4400D8D079 /* help.gif */ = {isa = PBXFileReference; lastKnownFileType = image.gif; path = help.gif; sourceTree = "<group>"; };
		26EEAD0122FD428F00D8D079 /* FeedBackVC.h */ = {isa = PBXFileReference; fileEncoding = 4; lastKnownFileType = sourcecode.c.h; path = FeedBackVC.h; sourceTree = "<group>"; };
		26EEAD0222FD428F00D8D079 /* FeedBackVC.m */ = {isa = PBXFileReference; fileEncoding = 4; lastKnownFileType = sourcecode.c.objc; path = FeedBackVC.m; sourceTree = "<group>"; };
		26EEAD0522FD429E00D8D079 /* IdeaBackMainView.m */ = {isa = PBXFileReference; fileEncoding = 4; lastKnownFileType = sourcecode.c.objc; path = IdeaBackMainView.m; sourceTree = "<group>"; };
		26EEAD0622FD429E00D8D079 /* IdeaBackSuccessView.h */ = {isa = PBXFileReference; fileEncoding = 4; lastKnownFileType = sourcecode.c.h; path = IdeaBackSuccessView.h; sourceTree = "<group>"; };
		26EEAD0722FD429E00D8D079 /* IdeaBackMainView.h */ = {isa = PBXFileReference; fileEncoding = 4; lastKnownFileType = sourcecode.c.h; path = IdeaBackMainView.h; sourceTree = "<group>"; };
		26EEAD0822FD429E00D8D079 /* IdeaBackSuccessView.m */ = {isa = PBXFileReference; fileEncoding = 4; lastKnownFileType = sourcecode.c.objc; path = IdeaBackSuccessView.m; sourceTree = "<group>"; };
		26EEAD0D22FD441100D8D079 /* TZTestCell.m */ = {isa = PBXFileReference; fileEncoding = 4; lastKnownFileType = sourcecode.c.objc; path = TZTestCell.m; sourceTree = "<group>"; };
		26EEAD0E22FD441100D8D079 /* LxGridViewFlowLayout.h */ = {isa = PBXFileReference; fileEncoding = 4; lastKnownFileType = sourcecode.c.h; path = LxGridViewFlowLayout.h; sourceTree = "<group>"; };
		26EEAD0F22FD441100D8D079 /* TZTestCell.h */ = {isa = PBXFileReference; fileEncoding = 4; lastKnownFileType = sourcecode.c.h; path = TZTestCell.h; sourceTree = "<group>"; };
		26EEAD1022FD441100D8D079 /* LxGridViewFlowLayout.m */ = {isa = PBXFileReference; fileEncoding = 4; lastKnownFileType = sourcecode.c.objc; path = LxGridViewFlowLayout.m; sourceTree = "<group>"; };
		26EEAD3822FD6E5900D8D079 /* HXInfo.h */ = {isa = PBXFileReference; lastKnownFileType = sourcecode.c.h; path = HXInfo.h; sourceTree = "<group>"; };
		26EEAD3922FD6E5900D8D079 /* HXInfo.m */ = {isa = PBXFileReference; lastKnownFileType = sourcecode.c.objc; path = HXInfo.m; sourceTree = "<group>"; };
		26EEAD3C22FD6FFF00D8D079 /* HXUtil.h */ = {isa = PBXFileReference; lastKnownFileType = sourcecode.c.h; path = HXUtil.h; sourceTree = "<group>"; };
		26EEAD3D22FD6FFF00D8D079 /* HXUtil.m */ = {isa = PBXFileReference; lastKnownFileType = sourcecode.c.objc; path = HXUtil.m; sourceTree = "<group>"; };
		26EEAD4122FD820300D8D079 /* PaySupportVC.h */ = {isa = PBXFileReference; fileEncoding = 4; lastKnownFileType = sourcecode.c.h; path = PaySupportVC.h; sourceTree = "<group>"; };
		26EEAD4222FD820300D8D079 /* PaySupportVC.m */ = {isa = PBXFileReference; fileEncoding = 4; lastKnownFileType = sourcecode.c.objc; path = PaySupportVC.m; sourceTree = "<group>"; };
		26EEAD4422FD823000D8D079 /* PaySupportView.h */ = {isa = PBXFileReference; lastKnownFileType = sourcecode.c.h; path = PaySupportView.h; sourceTree = "<group>"; };
		26EEAD4522FD823000D8D079 /* PaySupportView.m */ = {isa = PBXFileReference; lastKnownFileType = sourcecode.c.objc; path = PaySupportView.m; sourceTree = "<group>"; };
		26EEAD4722FD824A00D8D079 /* PayItemView.h */ = {isa = PBXFileReference; lastKnownFileType = sourcecode.c.h; path = PayItemView.h; sourceTree = "<group>"; };
		26EEAD4822FD824A00D8D079 /* PayItemView.m */ = {isa = PBXFileReference; lastKnownFileType = sourcecode.c.objc; path = PayItemView.m; sourceTree = "<group>"; };
		469E584D22D77F560077AE51 /* HuaXing.app */ = {isa = PBXFileReference; explicitFileType = wrapper.application; includeInIndex = 0; path = HuaXing.app; sourceTree = BUILT_PRODUCTS_DIR; };
		469E585922D77F580077AE51 /* Assets.xcassets */ = {isa = PBXFileReference; lastKnownFileType = folder.assetcatalog; path = Assets.xcassets; sourceTree = "<group>"; };
		469E585C22D77F580077AE51 /* Base */ = {isa = PBXFileReference; lastKnownFileType = file.storyboard; name = Base; path = Base.lproj/LaunchScreen.storyboard; sourceTree = "<group>"; };
		469E585E22D77F580077AE51 /* Info.plist */ = {isa = PBXFileReference; lastKnownFileType = text.plist.xml; path = Info.plist; sourceTree = "<group>"; };
		469E585F22D77F580077AE51 /* main.m */ = {isa = PBXFileReference; lastKnownFileType = sourcecode.c.objc; path = main.m; sourceTree = "<group>"; };
		469E586922D780A70077AE51 /* AppDelegate.h */ = {isa = PBXFileReference; fileEncoding = 4; lastKnownFileType = sourcecode.c.h; path = AppDelegate.h; sourceTree = "<group>"; };
		469E586B22D780A70077AE51 /* AppDelegate.m */ = {isa = PBXFileReference; fileEncoding = 4; lastKnownFileType = sourcecode.c.objc; path = AppDelegate.m; sourceTree = "<group>"; };
		46BC169322DA33FC00A70F23 /* HuaXing.pch */ = {isa = PBXFileReference; lastKnownFileType = sourcecode.c.h; path = HuaXing.pch; sourceTree = "<group>"; };
		46BC169422DA343200A70F23 /* HXConfig.h */ = {isa = PBXFileReference; lastKnownFileType = sourcecode.c.h; path = HXConfig.h; sourceTree = "<group>"; };
		46BC169722DA347A00A70F23 /* UIAdapter.m */ = {isa = PBXFileReference; fileEncoding = 4; lastKnownFileType = sourcecode.c.objc; path = UIAdapter.m; sourceTree = "<group>"; };
		46BC169822DA347A00A70F23 /* UIAdapter.h */ = {isa = PBXFileReference; fileEncoding = 4; lastKnownFileType = sourcecode.c.h; path = UIAdapter.h; sourceTree = "<group>"; };
		46BC16BE22DA3D4D00A70F23 /* PersonVC.m */ = {isa = PBXFileReference; fileEncoding = 4; lastKnownFileType = sourcecode.c.objc; path = PersonVC.m; sourceTree = "<group>"; };
		46BC16BF22DA3D4D00A70F23 /* PersonVC.h */ = {isa = PBXFileReference; fileEncoding = 4; lastKnownFileType = sourcecode.c.h; path = PersonVC.h; sourceTree = "<group>"; };
		46BC16C322DA3D7900A70F23 /* PersonManager.h */ = {isa = PBXFileReference; lastKnownFileType = sourcecode.c.h; path = PersonManager.h; sourceTree = "<group>"; };
		46BC16C422DA3D7900A70F23 /* PersonManager.m */ = {isa = PBXFileReference; lastKnownFileType = sourcecode.c.objc; path = PersonManager.m; sourceTree = "<group>"; };
		46BC16C622DA3D9D00A70F23 /* PersonDataModel.h */ = {isa = PBXFileReference; lastKnownFileType = sourcecode.c.h; path = PersonDataModel.h; sourceTree = "<group>"; };
		46BC16C722DA3D9D00A70F23 /* PersonDataModel.m */ = {isa = PBXFileReference; lastKnownFileType = sourcecode.c.objc; path = PersonDataModel.m; sourceTree = "<group>"; };
		46BC16C922DAC2DD00A70F23 /* PersonMainView.h */ = {isa = PBXFileReference; lastKnownFileType = sourcecode.c.h; path = PersonMainView.h; sourceTree = "<group>"; };
		46BC16CA22DAC2DD00A70F23 /* PersonMainView.m */ = {isa = PBXFileReference; lastKnownFileType = sourcecode.c.objc; path = PersonMainView.m; sourceTree = "<group>"; };
		46BC16CC22DAF0B900A70F23 /* BriefInfoCell.h */ = {isa = PBXFileReference; lastKnownFileType = sourcecode.c.h; path = BriefInfoCell.h; sourceTree = "<group>"; };
		46BC16CD22DAF0B900A70F23 /* BriefInfoCell.m */ = {isa = PBXFileReference; lastKnownFileType = sourcecode.c.objc; path = BriefInfoCell.m; sourceTree = "<group>"; };
		B0663E3085F4D37C652073DA /* Pods-HuaXing.release.xcconfig */ = {isa = PBXFileReference; includeInIndex = 1; lastKnownFileType = text.xcconfig; name = "Pods-HuaXing.release.xcconfig"; path = "Target Support Files/Pods-HuaXing/Pods-HuaXing.release.xcconfig"; sourceTree = "<group>"; };
		F68DAD5807E4BD3BF2EB8C94 /* libPods-HuaXing.a */ = {isa = PBXFileReference; explicitFileType = archive.ar; includeInIndex = 0; path = "libPods-HuaXing.a"; sourceTree = BUILT_PRODUCTS_DIR; };
/* End PBXFileReference section */

/* Begin PBXFrameworksBuildPhase section */
		469E584A22D77F560077AE51 /* Frameworks */ = {
			isa = PBXFrameworksBuildPhase;
			buildActionMask = 2147483647;
			files = (
				EB6AE177C7EA7003A1C5C670 /* libPods-HuaXing.a in Frameworks */,
			);
			runOnlyForDeploymentPostprocessing = 0;
		};
/* End PBXFrameworksBuildPhase section */

/* Begin PBXGroup section */
		26024BEB22D8A1EE00143425 /* BaseVC */ = {
			isa = PBXGroup;
			children = (
				26024BEC22D8A1FD00143425 /* HXBaseVC.h */,
				26024BED22D8A1FD00143425 /* HXBaseVC.m */,
				26024BF822D8A2EA00143425 /* HXNavigationVC.h */,
				26024BF922D8A2EA00143425 /* HXNavigationVC.m */,
			);
			path = BaseVC;
			sourceTree = "<group>";
		};
		2617CF0523014115005F4558 /* HXShareManager */ = {
			isa = PBXGroup;
			children = (
				2617CF062301412B005F4558 /* HXShareManager.h */,
				2617CF072301412B005F4558 /* HXShareManager.m */,
			);
			path = HXShareManager;
			sourceTree = "<group>";
		};
		2617CF0B230169B9005F4558 /* MBProgressHUD */ = {
			isa = PBXGroup;
			children = (
				2617CF0C230169B9005F4558 /* MBProgressHUD.m */,
				2617CF0D230169B9005F4558 /* MBProgressHUD.h */,
			);
			path = MBProgressHUD;
			sourceTree = "<group>";
		};
		2617CF1A2306A180005F4558 /* Calendar */ = {
			isa = PBXGroup;
			children = (
				2617CF1B2306A180005F4558 /* LTSCalendar */,
			);
			path = Calendar;
			sourceTree = "<group>";
		};
		2617CF1B2306A180005F4558 /* LTSCalendar */ = {
			isa = PBXGroup;
			children = (
				2617CF282306A180005F4558 /* LTSCalendarBaseViewController.h */,
				2617CF1C2306A180005F4558 /* LTSCalendarBaseViewController.m */,
				2617CF302306A180005F4558 /* LTSCalendarView.h */,
				2617CF252306A180005F4558 /* LTSCalendarView.m */,
				2617CF2F2306A180005F4558 /* LTSCalendarContentView.h */,
				2617CF262306A180005F4558 /* LTSCalendarContentView.m */,
				2617CF2E2306A180005F4558 /* LTSCalendarManager.h */,
				2617CF1D2306A180005F4558 /* LTSCalendarManager.m */,
				2617CF2A2306A180005F4558 /* LTSCalendarAppearance.h */,
				2617CF212306A180005F4558 /* LTSCalendarAppearance.m */,
				2617CF342306A180005F4558 /* LTSCalendarMonthView.h */,
				2617CF272306A180005F4558 /* LTSCalendarMonthView.m */,
				2617CF242306A180005F4558 /* LTSCalendarWeekView.h */,
				2617CF312306A180005F4558 /* LTSCalendarWeekView.m */,
				2617CF232306A180005F4558 /* LTSCalendarWeekDayView.h */,
				2617CF322306A180005F4558 /* LTSCalendarWeekDayView.m */,
				2617CF2C2306A180005F4558 /* LTSCalendarDayView.h */,
				2617CF1E2306A180005F4558 /* LTSCalendarDayView.m */,
				2617CF2D2306A180005F4558 /* LTSCalendarSelectedWeekView.h */,
				2617CF1F2306A180005F4558 /* LTSCalendarSelectedWeekView.m */,
				2617CF2B2306A180005F4558 /* LTSCircleView.h */,
				2617CF202306A180005F4558 /* LTSCircleView.m */,
				2617CF292306A180005F4558 /* LTSCalendarDataCache.h */,
				2617CF222306A180005F4558 /* LTSCalendarDataCache.m */,
				2617CF332306A180005F4558 /* LTSCalendarEventSource.h */,
			);
			path = LTSCalendar;
			sourceTree = "<group>";
		};
		2650AF8022EFEAE7006C7784 /* ClassTable */ = {
			isa = PBXGroup;
			children = (
				2650AF8122EFEB36006C7784 /* ClassTableMainView.h */,
				2650AF8222EFEB36006C7784 /* ClassTableMainView.m */,
				2650AFAB22F1A0AC006C7784 /* CourseView */,
				2650AFA822F1A0AC006C7784 /* HeaderView */,
			);
			path = ClassTable;
			sourceTree = "<group>";
		};
		2650AF9022F024A1006C7784 /* DataModel */ = {
			isa = PBXGroup;
			children = (
				2650AF9A22F19059006C7784 /* ClassItemDataModel.h */,
				2650AF9B22F19059006C7784 /* ClassItemDataModel.m */,
				2650AFC922F42CD3006C7784 /* AddCourseModel.h */,
				2650AFCA22F42CD3006C7784 /* AddCourseModel.m */,
			);
			path = DataModel;
			sourceTree = "<group>";
		};
		2650AFA822F1A0AC006C7784 /* HeaderView */ = {
			isa = PBXGroup;
			children = (
				2650AFAA22F1A0AC006C7784 /* ClassTableHeaderView.h */,
				2650AFA922F1A0AC006C7784 /* ClassTableHeaderView.m */,
				2650AFB022F1A233006C7784 /* DateCollectionViewCell.h */,
				2650AFB122F1A233006C7784 /* DateCollectionViewCell.m */,
				2650AFB622F1AAE0006C7784 /* TableInfoHeaderView.h */,
				2650AFB722F1AAE0006C7784 /* TableInfoHeaderView.m */,
			);
			path = HeaderView;
			sourceTree = "<group>";
		};
		2650AFAB22F1A0AC006C7784 /* CourseView */ = {
			isa = PBXGroup;
			children = (
				2650AFAD22F1A0AC006C7784 /* ClassTableCell.h */,
				2650AFAC22F1A0AC006C7784 /* ClassTableCell.m */,
				2650AFBC22F2872B006C7784 /* SequenceHeaderView.h */,
				2650AFBD22F2872B006C7784 /* SequenceHeaderView.m */,
				2650AFB922F2867E006C7784 /* CourseCollectionCell.h */,
				2650AFBA22F28684006C7784 /* CourseCollectionCell.m */,
			);
			path = CourseView;
			sourceTree = "<group>";
		};
		2650AFC222F42A6F006C7784 /* AddCourse */ = {
			isa = PBXGroup;
			children = (
				2650AFC322F42A8D006C7784 /* AddCourseView.h */,
				2650AFC422F42A8D006C7784 /* AddCourseView.m */,
				2650AFCC22F42F08006C7784 /* AddCourseInputCell.h */,
				2650AFCD22F42F08006C7784 /* AddCourseInputCell.m */,
			);
			path = AddCourse;
			sourceTree = "<group>";
		};
		269472EB230A395800F3C20E /* Today */ = {
			isa = PBXGroup;
			children = (
				269472EC230A395800F3C20E /* Controller */,
				269472EF230A395800F3C20E /* Model */,
				269472F4230A395800F3C20E /* View */,
			);
			path = Today;
			sourceTree = "<group>";
		};
		269472EC230A395800F3C20E /* Controller */ = {
			isa = PBXGroup;
			children = (
				269472EE230A395800F3C20E /* TodayVC.h */,
				269472ED230A395800F3C20E /* TodayVC.m */,
			);
			path = Controller;
			sourceTree = "<group>";
		};
		269472EF230A395800F3C20E /* Model */ = {
			isa = PBXGroup;
			children = (
				269472F1230A395800F3C20E /* TodayDataManager.h */,
				269472F3230A395800F3C20E /* TodayDataManager.m */,
				269472F2230A395800F3C20E /* TodayNoteModel.h */,
				269472F0230A395800F3C20E /* TodayNoteModel.m */,
			);
			path = Model;
			sourceTree = "<group>";
		};
		269472F4230A395800F3C20E /* View */ = {
			isa = PBXGroup;
			children = (
				269472F7230A395800F3C20E /* TodayBriefInfoView.h */,
				269472F5230A395800F3C20E /* TodayBriefInfoView.m */,
				269472F6230A395800F3C20E /* TodayNoteCell.h */,
				269472F8230A395800F3C20E /* TodayNoteCell.m */,
			);
			path = View;
			sourceTree = "<group>";
		};
		26947321230A756100F3C20E /* Categary */ = {
			isa = PBXGroup;
			children = (
				26947323230A756100F3C20E /* UIButton+ClickEventTime.h */,
				26947322230A756100F3C20E /* UIButton+ClickEventTime.m */,
			);
			path = Categary;
			sourceTree = "<group>";
		};
		26947325230A758900F3C20E /* Addition */ = {
			isa = PBXGroup;
			children = (
				26947326230A758900F3C20E /* UIView+Addition.m */,
				26947327230A758900F3C20E /* UIColor+Addition.h */,
				26947328230A758900F3C20E /* NSObject+Addition.h */,
				26947329230A758900F3C20E /* NSDictionary+Addition.h */,
				2694732A230A758900F3C20E /* UIImage+Addition.m */,
				2694732B230A758900F3C20E /* UIFont+Addition.h */,
				2694732C230A758900F3C20E /* NSMutableDictionary+Addition.h */,
				2694732D230A758900F3C20E /* NSArray+Addition.m */,
				2694732E230A758900F3C20E /* NSString+Addition.h */,
				2694732F230A758900F3C20E /* NSData+Addition.h */,
				26947330230A758900F3C20E /* NSDate+Addition.m */,
				26947331230A758900F3C20E /* NSDictionary+Addition.m */,
				26947332230A758900F3C20E /* NSObject+Addition.m */,
				26947333230A758900F3C20E /* UIView+Addition.h */,
				26947334230A758900F3C20E /* UIColor+Addition.m */,
				26947335230A758900F3C20E /* NSArray+Addition.h */,
				26947336230A758900F3C20E /* Addition.h */,
				26947337230A758900F3C20E /* NSMutableDictionary+Addition.m */,
				26947338230A758900F3C20E /* UIFont+Addition.m */,
				26947339230A758900F3C20E /* UIImage+Addition.h */,
				2694733A230A758900F3C20E /* NSDate+Addition.h */,
				2694733B230A758900F3C20E /* NSData+Addition.m */,
				2694733C230A758900F3C20E /* NSString+Addition.m */,
			);
			path = Addition;
			sourceTree = "<group>";
		};
		26AD64C222D81B2C0087D3EB /* Tab */ = {
			isa = PBXGroup;
			children = (
				26024BEF22D8A21600143425 /* HXTabAdapter.h */,
				26024BF022D8A21600143425 /* HXTabAdapter.m */,
			);
			path = Tab;
			sourceTree = "<group>";
		};
		26AD64C622D81C010087D3EB /* Func */ = {
			isa = PBXGroup;
			children = (
				269472EB230A395800F3C20E /* Today */,
				26AD64C822D81C010087D3EB /* Grid */,
				26AD64C722D81C010087D3EB /* Person */,
			);
			path = Func;
			sourceTree = "<group>";
		};
		26AD64C722D81C010087D3EB /* Person */ = {
			isa = PBXGroup;
			children = (
				46BC16BD22DA3D4D00A70F23 /* Controller */,
				46BC16C122DA3D4D00A70F23 /* Model */,
				46BC16C022DA3D4D00A70F23 /* View */,
			);
			path = Person;
			sourceTree = "<group>";
		};
		26AD64C822D81C010087D3EB /* Grid */ = {
			isa = PBXGroup;
			children = (
				26E0B12522EAE62E005BE40D /* GridSetting */,
				26E0B13522EAE62E005BE40D /* GridTable */,
			);
			path = Grid;
			sourceTree = "<group>";
		};
		26E0B11B22EAE591005BE40D /* UIComponent */ = {
			isa = PBXGroup;
			children = (
				2617CF1A2306A180005F4558 /* Calendar */,
				26EEACBB22F8307C00D8D079 /* HXPickView */,
				26EEACC222F8307C00D8D079 /* HXToast */,
			);
			path = UIComponent;
			sourceTree = "<group>";
		};
		26E0B12522EAE62E005BE40D /* GridSetting */ = {
			isa = PBXGroup;
			children = (
				26E0B12622EAE62E005BE40D /* Controller */,
				26E0B12B22EAE62E005BE40D /* Model */,
				26E0B12E22EAE62E005BE40D /* View */,
			);
			path = GridSetting;
			sourceTree = "<group>";
		};
		26E0B12622EAE62E005BE40D /* Controller */ = {
			isa = PBXGroup;
			children = (
				26E0B12922EAE62E005BE40D /* CourseConfigVC.h */,
				26E0B12722EAE62E005BE40D /* CourseConfigVC.m */,
			);
			path = Controller;
			sourceTree = "<group>";
		};
		26E0B12B22EAE62E005BE40D /* Model */ = {
			isa = PBXGroup;
			children = (
				26E0B12D22EAE62E005BE40D /* ItemTimeModel.h */,
				26E0B12C22EAE62E005BE40D /* ItemTimeModel.m */,
			);
			path = Model;
			sourceTree = "<group>";
		};
		26E0B12E22EAE62E005BE40D /* View */ = {
			isa = PBXGroup;
			children = (
				26E0B13222EAE62E005BE40D /* CourseHeaderView.h */,
				26E0B12F22EAE62E005BE40D /* CourseHeaderView.m */,
				26E0B13022EAE62E005BE40D /* CourseTimeInfoCell.h */,
				26E0B13422EAE62E005BE40D /* CourseTimeInfoCell.m */,
				26E0B13122EAE62E005BE40D /* CourseConfigView.h */,
				26E0B13322EAE62E005BE40D /* CourseConfigView.m */,
			);
			path = View;
			sourceTree = "<group>";
		};
		26E0B13522EAE62E005BE40D /* GridTable */ = {
			isa = PBXGroup;
			children = (
				26E0B13622EAE62E005BE40D /* Controller */,
				26E0B13722EAE62E005BE40D /* Model */,
				26E0B13822EAE62E005BE40D /* View */,
			);
			path = GridTable;
			sourceTree = "<group>";
		};
		26E0B13622EAE62E005BE40D /* Controller */ = {
			isa = PBXGroup;
			children = (
				26E0B12822EAE62E005BE40D /* CourseGridVC.h */,
				26E0B12A22EAE62E005BE40D /* CourseGridVC.m */,
				26E0B13F22EAE684005BE40D /* TestVC.h */,
				26E0B14022EAE684005BE40D /* TestVC.m */,
				2650AFBF22F2F983006C7784 /* AddCourseVC.h */,
				2650AFC022F2F983006C7784 /* AddCourseVC.m */,
			);
			path = Controller;
			sourceTree = "<group>";
		};
		26E0B13722EAE62E005BE40D /* Model */ = {
			isa = PBXGroup;
			children = (
				2650AF9022F024A1006C7784 /* DataModel */,
			);
			path = Model;
			sourceTree = "<group>";
		};
		26E0B13822EAE62E005BE40D /* View */ = {
			isa = PBXGroup;
			children = (
				2650AFC222F42A6F006C7784 /* AddCourse */,
				2650AF8022EFEAE7006C7784 /* ClassTable */,
			);
			path = View;
			sourceTree = "<group>";
		};
		26EEACB322F7D39D00D8D079 /* JXFileManager */ = {
			isa = PBXGroup;
			children = (
				26EEACB422F7D39D00D8D079 /* JXFileManager.h */,
				26EEACB522F7D39D00D8D079 /* JXFileManager.m */,
			);
			path = JXFileManager;
			sourceTree = "<group>";
		};
		26EEACB722F7D7E700D8D079 /* BaseDataModel */ = {
			isa = PBXGroup;
			children = (
				26EEACB822F7D80D00D8D079 /* BaseDataModel.h */,
				26EEACB922F7D80D00D8D079 /* BaseDataModel.m */,
			);
			path = BaseDataModel;
			sourceTree = "<group>";
		};
		26EEACBB22F8307C00D8D079 /* HXPickView */ = {
			isa = PBXGroup;
			children = (
				26EEACBD22F8307C00D8D079 /* HXDatePickView.h */,
				26EEACC122F8307C00D8D079 /* HXDatePickView.m */,
				26EEACBC22F8307C00D8D079 /* HXCourseItemsPKV.h */,
				26EEACBF22F8307C00D8D079 /* HXCourseItemsPKV.m */,
				26EEACC022F8307C00D8D079 /* HXPickViewToolBar.h */,
				26EEACBE22F8307C00D8D079 /* HXPickViewToolBar.m */,
			);
			path = HXPickView;
			sourceTree = "<group>";
		};
		26EEACC222F8307C00D8D079 /* HXToast */ = {
			isa = PBXGroup;
			children = (
				2617CF09230169B8005F4558 /* HXToast.h */,
				2617CF0A230169B9005F4558 /* HXToast.m */,
				2617CF0B230169B9005F4558 /* MBProgressHUD */,
			);
			path = HXToast;
			sourceTree = "<group>";
		};
		26EEACCC22F951A500D8D079 /* JXDateManager */ = {
			isa = PBXGroup;
			children = (
				26EEACCE22F951A500D8D079 /* JXDateManager.h */,
				26EEACCD22F951A500D8D079 /* JXDateManager.m */,
			);
			path = JXDateManager;
			sourceTree = "<group>";
		};
		26EEACE222FBCC6C00D8D079 /* Resource */ = {
			isa = PBXGroup;
			children = (
				26EEACFD22FD1D4400D8D079 /* Help */,
				26EEACF122FBFFE100D8D079 /* Pay */,
				26EEACE322FBCC6C00D8D079 /* About */,
			);
			path = Resource;
			sourceTree = "<group>";
		};
		26EEACE322FBCC6C00D8D079 /* About */ = {
			isa = PBXGroup;
			children = (
				26EEACE622FBCCF900D8D079 /* abouthx.css */,
				26EEACE422FBCCF900D8D079 /* abouthx.html */,
				26EEACE522FBCCF900D8D079 /* abouthx.js */,
			);
			path = About;
			sourceTree = "<group>";
		};
		26EEACF122FBFFE100D8D079 /* Pay */ = {
			isa = PBXGroup;
			children = (
				26EEACF222FBFFE100D8D079 /* pay_wx.png */,
				26EEACF322FBFFE100D8D079 /* pay_zfb.png */,
			);
			path = Pay;
			sourceTree = "<group>";
		};
		26EEACF622FD0DC500D8D079 /* HXWebHandle */ = {
			isa = PBXGroup;
			children = (
				26EEACF722FD0DEF00D8D079 /* HXWebController.h */,
				26EEACF822FD0DEF00D8D079 /* HXWebController.m */,
				26EEACFB22FD0F1F00D8D079 /* JXWKWeb.h */,
				26EEACFA22FD0F1F00D8D079 /* JXWKWeb.m */,
			);
			path = HXWebHandle;
			sourceTree = "<group>";
		};
		26EEACFD22FD1D4400D8D079 /* Help */ = {
			isa = PBXGroup;
			children = (
				26EEACFE22FD1D4400D8D079 /* help.gif */,
			);
			path = Help;
			sourceTree = "<group>";
		};
		26EEAD0022FD428F00D8D079 /* FeedBack */ = {
			isa = PBXGroup;
			children = (
				26EEAD0122FD428F00D8D079 /* FeedBackVC.h */,
				26EEAD0222FD428F00D8D079 /* FeedBackVC.m */,
			);
			path = FeedBack;
			sourceTree = "<group>";
		};
		26EEAD0422FD429E00D8D079 /* FeedBack */ = {
			isa = PBXGroup;
			children = (
				26EEAD0722FD429E00D8D079 /* IdeaBackMainView.h */,
				26EEAD0522FD429E00D8D079 /* IdeaBackMainView.m */,
				26EEAD0622FD429E00D8D079 /* IdeaBackSuccessView.h */,
				26EEAD0822FD429E00D8D079 /* IdeaBackSuccessView.m */,
			);
			path = FeedBack;
			sourceTree = "<group>";
		};
		26EEAD0B22FD441100D8D079 /* Libs */ = {
			isa = PBXGroup;
			children = (
				26EEAD0C22FD441100D8D079 /* TZImageCell */,
			);
			path = Libs;
			sourceTree = "<group>";
		};
		26EEAD0C22FD441100D8D079 /* TZImageCell */ = {
			isa = PBXGroup;
			children = (
				26EEAD0D22FD441100D8D079 /* TZTestCell.m */,
				26EEAD0E22FD441100D8D079 /* LxGridViewFlowLayout.h */,
				26EEAD0F22FD441100D8D079 /* TZTestCell.h */,
				26EEAD1022FD441100D8D079 /* LxGridViewFlowLayout.m */,
			);
			path = TZImageCell;
			sourceTree = "<group>";
		};
		26EEAD3722FD6E2600D8D079 /* HXInfo */ = {
			isa = PBXGroup;
			children = (
				26EEAD3822FD6E5900D8D079 /* HXInfo.h */,
				26EEAD3922FD6E5900D8D079 /* HXInfo.m */,
			);
			path = HXInfo;
			sourceTree = "<group>";
		};
		26EEAD3B22FD6FEA00D8D079 /* HXUtil */ = {
			isa = PBXGroup;
			children = (
				26EEAD3C22FD6FFF00D8D079 /* HXUtil.h */,
				26EEAD3D22FD6FFF00D8D079 /* HXUtil.m */,
			);
			path = HXUtil;
			sourceTree = "<group>";
		};
		26EEAD3F22FD81F500D8D079 /* PaySupport */ = {
			isa = PBXGroup;
			children = (
				26EEAD4422FD823000D8D079 /* PaySupportView.h */,
				26EEAD4522FD823000D8D079 /* PaySupportView.m */,
				26EEAD4722FD824A00D8D079 /* PayItemView.h */,
				26EEAD4822FD824A00D8D079 /* PayItemView.m */,
			);
			path = PaySupport;
			sourceTree = "<group>";
		};
		26EEAD4022FD820300D8D079 /* PaySupport */ = {
			isa = PBXGroup;
			children = (
				26EEAD4122FD820300D8D079 /* PaySupportVC.h */,
				26EEAD4222FD820300D8D079 /* PaySupportVC.m */,
			);
			path = PaySupport;
			sourceTree = "<group>";
		};
		3481AF048D8EB8C186E2C3C4 /* Pods */ = {
			isa = PBXGroup;
			children = (
				0DC983F95E75035A569B180B /* Pods-HuaXing.debug.xcconfig */,
				B0663E3085F4D37C652073DA /* Pods-HuaXing.release.xcconfig */,
			);
			path = Pods;
			sourceTree = "<group>";
		};
		42F7935B5D58CA2944FA35EF /* Frameworks */ = {
			isa = PBXGroup;
			children = (
				F68DAD5807E4BD3BF2EB8C94 /* libPods-HuaXing.a */,
			);
			name = Frameworks;
			sourceTree = "<group>";
		};
		469E584422D77F560077AE51 = {
			isa = PBXGroup;
			children = (
				469E584F22D77F560077AE51 /* HuaXing */,
				469E584E22D77F560077AE51 /* Products */,
				3481AF048D8EB8C186E2C3C4 /* Pods */,
				42F7935B5D58CA2944FA35EF /* Frameworks */,
			);
			sourceTree = "<group>";
		};
		469E584E22D77F560077AE51 /* Products */ = {
			isa = PBXGroup;
			children = (
				469E584D22D77F560077AE51 /* HuaXing.app */,
			);
			name = Products;
			sourceTree = "<group>";
		};
		469E584F22D77F560077AE51 /* HuaXing */ = {
			isa = PBXGroup;
			children = (
				46BC169222DA33D100A70F23 /* Macro */,
				26EEAD0B22FD441100D8D079 /* Libs */,
				26EEACE222FBCC6C00D8D079 /* Resource */,
				469E586822D780A70077AE51 /* Main */,
				46BC169522DA345400A70F23 /* Class */,
				26AD64C622D81C010087D3EB /* Func */,
				469E585922D77F580077AE51 /* Assets.xcassets */,
				469E585B22D77F580077AE51 /* LaunchScreen.storyboard */,
				469E585E22D77F580077AE51 /* Info.plist */,
				469E585F22D77F580077AE51 /* main.m */,
			);
			path = HuaXing;
			sourceTree = "<group>";
		};
		469E586822D780A70077AE51 /* Main */ = {
			isa = PBXGroup;
			children = (
				469E586922D780A70077AE51 /* AppDelegate.h */,
				469E586B22D780A70077AE51 /* AppDelegate.m */,
				2617CF02230140A4005F4558 /* HXLaunchConfig.h */,
				2617CF03230140A4005F4558 /* HXLaunchConfig.m */,
				26024BEB22D8A1EE00143425 /* BaseVC */,
				26AD64C222D81B2C0087D3EB /* Tab */,
				26EEACB722F7D7E700D8D079 /* BaseDataModel */,
			);
			path = Main;
			sourceTree = "<group>";
		};
		46BC169222DA33D100A70F23 /* Macro */ = {
			isa = PBXGroup;
			children = (
				46BC169322DA33FC00A70F23 /* HuaXing.pch */,
				46BC169422DA343200A70F23 /* HXConfig.h */,
			);
			path = Macro;
			sourceTree = "<group>";
		};
		46BC169522DA345400A70F23 /* Class */ = {
			isa = PBXGroup;
			children = (
				26947325230A758900F3C20E /* Addition */,
				26947321230A756100F3C20E /* Categary */,
				2617CF0523014115005F4558 /* HXShareManager */,
				26EEAD3B22FD6FEA00D8D079 /* HXUtil */,
				26EEAD3722FD6E2600D8D079 /* HXInfo */,
				26EEACF622FD0DC500D8D079 /* HXWebHandle */,
				26E0B11B22EAE591005BE40D /* UIComponent */,
				46BC169622DA347A00A70F23 /* UIAdapter */,
				26EEACCC22F951A500D8D079 /* JXDateManager */,
				26EEACB322F7D39D00D8D079 /* JXFileManager */,
			);
			path = Class;
			sourceTree = "<group>";
		};
		46BC169622DA347A00A70F23 /* UIAdapter */ = {
			isa = PBXGroup;
			children = (
				46BC169822DA347A00A70F23 /* UIAdapter.h */,
				46BC169722DA347A00A70F23 /* UIAdapter.m */,
			);
			path = UIAdapter;
			sourceTree = "<group>";
		};
		46BC16BD22DA3D4D00A70F23 /* Controller */ = {
			isa = PBXGroup;
			children = (
				46BC16BF22DA3D4D00A70F23 /* PersonVC.h */,
				46BC16BE22DA3D4D00A70F23 /* PersonVC.m */,
				26EEACD022FBBA3900D8D079 /* UseHelpVC.h */,
				26EEACD122FBBA3900D8D079 /* UseHelpVC.m */,
				26EEACD922FBBAAE00D8D079 /* AboutVC.h */,
				26EEACDA22FBBAAE00D8D079 /* AboutVC.m */,
				26EEAD4022FD820300D8D079 /* PaySupport */,
				26EEAD0022FD428F00D8D079 /* FeedBack */,
			);
			path = Controller;
			sourceTree = "<group>";
		};
		46BC16C022DA3D4D00A70F23 /* View */ = {
			isa = PBXGroup;
			children = (
				26EEAD3F22FD81F500D8D079 /* PaySupport */,
				26EEAD0422FD429E00D8D079 /* FeedBack */,
				46BC16C922DAC2DD00A70F23 /* PersonMainView.h */,
				46BC16CA22DAC2DD00A70F23 /* PersonMainView.m */,
				46BC16CC22DAF0B900A70F23 /* BriefInfoCell.h */,
				46BC16CD22DAF0B900A70F23 /* BriefInfoCell.m */,
				26EEACDC22FBC82F00D8D079 /* BriefInfoHeaderView.h */,
				26EEACDD22FBC82F00D8D079 /* BriefInfoHeaderView.m */,
			);
			path = View;
			sourceTree = "<group>";
		};
		46BC16C122DA3D4D00A70F23 /* Model */ = {
			isa = PBXGroup;
			children = (
				46BC16C322DA3D7900A70F23 /* PersonManager.h */,
				46BC16C422DA3D7900A70F23 /* PersonManager.m */,
				46BC16C622DA3D9D00A70F23 /* PersonDataModel.h */,
				46BC16C722DA3D9D00A70F23 /* PersonDataModel.m */,
			);
			path = Model;
			sourceTree = "<group>";
		};
/* End PBXGroup section */

/* Begin PBXNativeTarget section */
		469E584C22D77F560077AE51 /* HuaXing */ = {
			isa = PBXNativeTarget;
			buildConfigurationList = 469E586322D77F580077AE51 /* Build configuration list for PBXNativeTarget "HuaXing" */;
			buildPhases = (
				5BD9280562667C60D69964D9 /* [CP] Check Pods Manifest.lock */,
				469E584922D77F560077AE51 /* Sources */,
				469E584A22D77F560077AE51 /* Frameworks */,
				469E584B22D77F560077AE51 /* Resources */,
				7D27B3FE07FB21235B75FCAC /* [CP] Copy Pods Resources */,
			);
			buildRules = (
			);
			dependencies = (
			);
			name = HuaXing;
			productName = HuaXing;
			productReference = 469E584D22D77F560077AE51 /* HuaXing.app */;
			productType = "com.apple.product-type.application";
		};
/* End PBXNativeTarget section */

/* Begin PBXProject section */
		469E584522D77F560077AE51 /* Project object */ = {
			isa = PBXProject;
			attributes = {
				LastUpgradeCheck = 1010;
				ORGANIZATIONNAME = HuaXing;
				TargetAttributes = {
					469E584C22D77F560077AE51 = {
						CreatedOnToolsVersion = 10.1;
					};
				};
			};
			buildConfigurationList = 469E584822D77F560077AE51 /* Build configuration list for PBXProject "HuaXing" */;
			compatibilityVersion = "Xcode 9.3";
			developmentRegion = en;
			hasScannedForEncodings = 0;
			knownRegions = (
				en,
				Base,
			);
			mainGroup = 469E584422D77F560077AE51;
			productRefGroup = 469E584E22D77F560077AE51 /* Products */;
			projectDirPath = "";
			projectRoot = "";
			targets = (
				469E584C22D77F560077AE51 /* HuaXing */,
			);
		};
/* End PBXProject section */

/* Begin PBXResourcesBuildPhase section */
		469E584B22D77F560077AE51 /* Resources */ = {
			isa = PBXResourcesBuildPhase;
			buildActionMask = 2147483647;
			files = (
				469E585D22D77F580077AE51 /* LaunchScreen.storyboard in Resources */,
				26EEACF522FBFFE100D8D079 /* pay_zfb.png in Resources */,
				469E585A22D77F580077AE51 /* Assets.xcassets in Resources */,
				26EEACFF22FD1D4400D8D079 /* help.gif in Resources */,
				26EEACE922FBCCF900D8D079 /* abouthx.css in Resources */,
				26EEACE822FBCCF900D8D079 /* abouthx.js in Resources */,
				26EEACF422FBFFE100D8D079 /* pay_wx.png in Resources */,
				26EEACE722FBCCF900D8D079 /* abouthx.html in Resources */,
			);
			runOnlyForDeploymentPostprocessing = 0;
		};
/* End PBXResourcesBuildPhase section */

/* Begin PBXShellScriptBuildPhase section */
		5BD9280562667C60D69964D9 /* [CP] Check Pods Manifest.lock */ = {
			isa = PBXShellScriptBuildPhase;
			buildActionMask = 2147483647;
			files = (
			);
			inputFileListPaths = (
			);
			inputPaths = (
				"${PODS_PODFILE_DIR_PATH}/Podfile.lock",
				"${PODS_ROOT}/Manifest.lock",
			);
			name = "[CP] Check Pods Manifest.lock";
			outputFileListPaths = (
			);
			outputPaths = (
				"$(DERIVED_FILE_DIR)/Pods-HuaXing-checkManifestLockResult.txt",
			);
			runOnlyForDeploymentPostprocessing = 0;
			shellPath = /bin/sh;
			shellScript = "diff \"${PODS_PODFILE_DIR_PATH}/Podfile.lock\" \"${PODS_ROOT}/Manifest.lock\" > /dev/null\nif [ $? != 0 ] ; then\n    # print error to STDERR\n    echo \"error: The sandbox is not in sync with the Podfile.lock. Run 'pod install' or update your CocoaPods installation.\" >&2\n    exit 1\nfi\n# This output is used by Xcode 'outputs' to avoid re-running this script phase.\necho \"SUCCESS\" > \"${SCRIPT_OUTPUT_FILE_0}\"\n";
			showEnvVarsInLog = 0;
		};
		7D27B3FE07FB21235B75FCAC /* [CP] Copy Pods Resources */ = {
			isa = PBXShellScriptBuildPhase;
			buildActionMask = 2147483647;
			files = (
			);
			inputFileListPaths = (
				"${PODS_ROOT}/Target Support Files/Pods-HuaXing/Pods-HuaXing-resources-${CONFIGURATION}-input-files.xcfilelist",
			);
			name = "[CP] Copy Pods Resources";
			outputFileListPaths = (
				"${PODS_ROOT}/Target Support Files/Pods-HuaXing/Pods-HuaXing-resources-${CONFIGURATION}-output-files.xcfilelist",
			);
			runOnlyForDeploymentPostprocessing = 0;
			shellPath = /bin/sh;
			shellScript = "\"${PODS_ROOT}/Target Support Files/Pods-HuaXing/Pods-HuaXing-resources.sh\"\n";
			showEnvVarsInLog = 0;
		};
/* End PBXShellScriptBuildPhase section */

/* Begin PBXSourcesBuildPhase section */
		469E584922D77F560077AE51 /* Sources */ = {
			isa = PBXSourcesBuildPhase;
			buildActionMask = 2147483647;
			files = (
				2650AFCE22F42F08006C7784 /* AddCourseInputCell.m in Sources */,
				26E0B14122EAE684005BE40D /* TestVC.m in Sources */,
				26EEACCF22F951A500D8D079 /* JXDateManager.m in Sources */,
				2617CF0E230169B9005F4558 /* HXToast.m in Sources */,
				2650AFB822F1AAE0006C7784 /* TableInfoHeaderView.m in Sources */,
				26EEAD0922FD429E00D8D079 /* IdeaBackMainView.m in Sources */,
				46BC16C822DA3D9D00A70F23 /* PersonDataModel.m in Sources */,
				26EEAD1222FD441100D8D079 /* LxGridViewFlowLayout.m in Sources */,
				26E0B13A22EAE62E005BE40D /* CourseGridVC.m in Sources */,
				26EEAD4622FD823000D8D079 /* PaySupportView.m in Sources */,
				26EEACB622F7D39D00D8D079 /* JXFileManager.m in Sources */,
				2617CF362306A180005F4558 /* LTSCalendarManager.m in Sources */,
				2617CF392306A180005F4558 /* LTSCircleView.m in Sources */,
				26EEACF922FD0DEF00D8D079 /* HXWebController.m in Sources */,
				2650AFAE22F1A0AC006C7784 /* ClassTableHeaderView.m in Sources */,
				2650AFAF22F1A0AC006C7784 /* ClassTableCell.m in Sources */,
				26947340230A758900F3C20E /* NSDate+Addition.m in Sources */,
				269472FA230A395800F3C20E /* TodayNoteModel.m in Sources */,
				2650AF9C22F19059006C7784 /* ClassItemDataModel.m in Sources */,
				2650AFC122F2F983006C7784 /* AddCourseVC.m in Sources */,
				269472FD230A395800F3C20E /* TodayNoteCell.m in Sources */,
				26EEACBA22F7D80D00D8D079 /* BaseDataModel.m in Sources */,
				26EEACC322F8307C00D8D079 /* HXPickViewToolBar.m in Sources */,
				26E0B13C22EAE62E005BE40D /* CourseHeaderView.m in Sources */,
				46BC16C522DA3D7900A70F23 /* PersonManager.m in Sources */,
				46BC16CE22DAF0B900A70F23 /* BriefInfoCell.m in Sources */,
				2650AFB222F1A233006C7784 /* DateCollectionViewCell.m in Sources */,
				26EEAD4322FD820300D8D079 /* PaySupportVC.m in Sources */,
				2617CF3D2306A180005F4558 /* LTSCalendarContentView.m in Sources */,
				26EEACDB22FBBAAE00D8D079 /* AboutVC.m in Sources */,
				26EEAD0322FD428F00D8D079 /* FeedBackVC.m in Sources */,
				26EEAD0A22FD429E00D8D079 /* IdeaBackSuccessView.m in Sources */,
				2617CF3C2306A180005F4558 /* LTSCalendarView.m in Sources */,
				26EEACD222FBBA3900D8D079 /* UseHelpVC.m in Sources */,
				46BC169922DA347A00A70F23 /* UIAdapter.m in Sources */,
				26024BEE22D8A1FD00143425 /* HXBaseVC.m in Sources */,
				2617CF3E2306A180005F4558 /* LTSCalendarMonthView.m in Sources */,
				26947347230A758900F3C20E /* NSString+Addition.m in Sources */,
				26EEACFC22FD0F1F00D8D079 /* JXWKWeb.m in Sources */,
				26947345230A758900F3C20E /* UIFont+Addition.m in Sources */,
				2617CF082301412B005F4558 /* HXShareManager.m in Sources */,
				26EEACC422F8307C00D8D079 /* HXCourseItemsPKV.m in Sources */,
				469E586022D77F580077AE51 /* main.m in Sources */,
				26947344230A758900F3C20E /* NSMutableDictionary+Addition.m in Sources */,
				2617CF0F230169B9005F4558 /* MBProgressHUD.m in Sources */,
				2650AFBE22F2872B006C7784 /* SequenceHeaderView.m in Sources */,
				2650AFCB22F42CD3006C7784 /* AddCourseModel.m in Sources */,
				26EEACDE22FBC82F00D8D079 /* BriefInfoHeaderView.m in Sources */,
				2650AFC522F42A8D006C7784 /* AddCourseView.m in Sources */,
				26E0B13922EAE62E005BE40D /* CourseConfigVC.m in Sources */,
				269472FC230A395800F3C20E /* TodayBriefInfoView.m in Sources */,
				46BC16C222DA3D4D00A70F23 /* PersonVC.m in Sources */,
				26947343230A758900F3C20E /* UIColor+Addition.m in Sources */,
				26024BFA22D8A2EA00143425 /* HXNavigationVC.m in Sources */,
				26EEAD3A22FD6E5900D8D079 /* HXInfo.m in Sources */,
				26EEACC522F8307C00D8D079 /* HXDatePickView.m in Sources */,
				269472F9230A395800F3C20E /* TodayVC.m in Sources */,
				2617CF3B2306A180005F4558 /* LTSCalendarDataCache.m in Sources */,
				26E0B13B22EAE62E005BE40D /* ItemTimeModel.m in Sources */,
				2617CF352306A180005F4558 /* LTSCalendarBaseViewController.m in Sources */,
				2617CF3A2306A180005F4558 /* LTSCalendarAppearance.m in Sources */,
				2617CF3F2306A180005F4558 /* LTSCalendarWeekView.m in Sources */,
				2617CF04230140A4005F4558 /* HXLaunchConfig.m in Sources */,
				26EEAD3E22FD6FFF00D8D079 /* HXUtil.m in Sources */,
				2617CF372306A180005F4558 /* LTSCalendarDayView.m in Sources */,
				26947342230A758900F3C20E /* NSObject+Addition.m in Sources */,
				2617CF382306A180005F4558 /* LTSCalendarSelectedWeekView.m in Sources */,
				2617CF402306A180005F4558 /* LTSCalendarWeekDayView.m in Sources */,
				2650AFBB22F28684006C7784 /* CourseCollectionCell.m in Sources */,
				269472FB230A395800F3C20E /* TodayDataManager.m in Sources */,
				2694733F230A758900F3C20E /* NSArray+Addition.m in Sources */,
				26947341230A758900F3C20E /* NSDictionary+Addition.m in Sources */,
				2694733D230A758900F3C20E /* UIView+Addition.m in Sources */,
				26E0B13E22EAE62E005BE40D /* CourseTimeInfoCell.m in Sources */,
				46BC16CB22DAC2DD00A70F23 /* PersonMainView.m in Sources */,
				26E0B13D22EAE62E005BE40D /* CourseConfigView.m in Sources */,
				2694733E230A758900F3C20E /* UIImage+Addition.m in Sources */,
				26024BF122D8A21600143425 /* HXTabAdapter.m in Sources */,
				26EEAD4922FD824A00D8D079 /* PayItemView.m in Sources */,
				26947324230A756100F3C20E /* UIButton+ClickEventTime.m in Sources */,
				26947346230A758900F3C20E /* NSData+Addition.m in Sources */,
				26EEAD1122FD441100D8D079 /* TZTestCell.m in Sources */,
				2650AF8322EFEB36006C7784 /* ClassTableMainView.m in Sources */,
				469E586F22D780A80077AE51 /* AppDelegate.m in Sources */,
			);
			runOnlyForDeploymentPostprocessing = 0;
		};
/* End PBXSourcesBuildPhase section */

/* Begin PBXVariantGroup section */
		469E585B22D77F580077AE51 /* LaunchScreen.storyboard */ = {
			isa = PBXVariantGroup;
			children = (
				469E585C22D77F580077AE51 /* Base */,
			);
			name = LaunchScreen.storyboard;
			sourceTree = "<group>";
		};
/* End PBXVariantGroup section */

/* Begin XCBuildConfiguration section */
		469E586122D77F580077AE51 /* Debug */ = {
			isa = XCBuildConfiguration;
			buildSettings = {
				ALWAYS_SEARCH_USER_PATHS = NO;
				CLANG_ANALYZER_NONNULL = YES;
				CLANG_ANALYZER_NUMBER_OBJECT_CONVERSION = YES_AGGRESSIVE;
				CLANG_CXX_LANGUAGE_STANDARD = "gnu++14";
				CLANG_CXX_LIBRARY = "libc++";
				CLANG_ENABLE_MODULES = YES;
				CLANG_ENABLE_OBJC_ARC = YES;
				CLANG_ENABLE_OBJC_WEAK = YES;
				CLANG_WARN_BLOCK_CAPTURE_AUTORELEASING = YES;
				CLANG_WARN_BOOL_CONVERSION = YES;
				CLANG_WARN_COMMA = YES;
				CLANG_WARN_CONSTANT_CONVERSION = YES;
				CLANG_WARN_DEPRECATED_OBJC_IMPLEMENTATIONS = YES;
				CLANG_WARN_DIRECT_OBJC_ISA_USAGE = YES_ERROR;
				CLANG_WARN_DOCUMENTATION_COMMENTS = YES;
				CLANG_WARN_EMPTY_BODY = YES;
				CLANG_WARN_ENUM_CONVERSION = YES;
				CLANG_WARN_INFINITE_RECURSION = YES;
				CLANG_WARN_INT_CONVERSION = YES;
				CLANG_WARN_NON_LITERAL_NULL_CONVERSION = YES;
				CLANG_WARN_OBJC_IMPLICIT_RETAIN_SELF = YES;
				CLANG_WARN_OBJC_LITERAL_CONVERSION = YES;
				CLANG_WARN_OBJC_ROOT_CLASS = YES_ERROR;
				CLANG_WARN_RANGE_LOOP_ANALYSIS = YES;
				CLANG_WARN_STRICT_PROTOTYPES = YES;
				CLANG_WARN_SUSPICIOUS_MOVE = YES;
				CLANG_WARN_UNGUARDED_AVAILABILITY = YES_AGGRESSIVE;
				CLANG_WARN_UNREACHABLE_CODE = YES;
				CLANG_WARN__DUPLICATE_METHOD_MATCH = YES;
				CODE_SIGN_IDENTITY = "iPhone Developer";
				COPY_PHASE_STRIP = NO;
				DEBUG_INFORMATION_FORMAT = dwarf;
				ENABLE_STRICT_OBJC_MSGSEND = YES;
				ENABLE_TESTABILITY = YES;
				GCC_C_LANGUAGE_STANDARD = gnu11;
				GCC_DYNAMIC_NO_PIC = NO;
				GCC_NO_COMMON_BLOCKS = YES;
				GCC_OPTIMIZATION_LEVEL = 0;
				GCC_PREPROCESSOR_DEFINITIONS = (
					"DEBUG=1",
					"$(inherited)",
				);
				GCC_WARN_64_TO_32_BIT_CONVERSION = YES;
				GCC_WARN_ABOUT_RETURN_TYPE = YES_ERROR;
				GCC_WARN_UNDECLARED_SELECTOR = YES;
				GCC_WARN_UNINITIALIZED_AUTOS = YES_AGGRESSIVE;
				GCC_WARN_UNUSED_FUNCTION = YES;
				GCC_WARN_UNUSED_VARIABLE = YES;
				IPHONEOS_DEPLOYMENT_TARGET = 12.1;
				MTL_ENABLE_DEBUG_INFO = INCLUDE_SOURCE;
				MTL_FAST_MATH = YES;
				ONLY_ACTIVE_ARCH = YES;
				SDKROOT = iphoneos;
			};
			name = Debug;
		};
		469E586222D77F580077AE51 /* Release */ = {
			isa = XCBuildConfiguration;
			buildSettings = {
				ALWAYS_SEARCH_USER_PATHS = NO;
				CLANG_ANALYZER_NONNULL = YES;
				CLANG_ANALYZER_NUMBER_OBJECT_CONVERSION = YES_AGGRESSIVE;
				CLANG_CXX_LANGUAGE_STANDARD = "gnu++14";
				CLANG_CXX_LIBRARY = "libc++";
				CLANG_ENABLE_MODULES = YES;
				CLANG_ENABLE_OBJC_ARC = YES;
				CLANG_ENABLE_OBJC_WEAK = YES;
				CLANG_WARN_BLOCK_CAPTURE_AUTORELEASING = YES;
				CLANG_WARN_BOOL_CONVERSION = YES;
				CLANG_WARN_COMMA = YES;
				CLANG_WARN_CONSTANT_CONVERSION = YES;
				CLANG_WARN_DEPRECATED_OBJC_IMPLEMENTATIONS = YES;
				CLANG_WARN_DIRECT_OBJC_ISA_USAGE = YES_ERROR;
				CLANG_WARN_DOCUMENTATION_COMMENTS = YES;
				CLANG_WARN_EMPTY_BODY = YES;
				CLANG_WARN_ENUM_CONVERSION = YES;
				CLANG_WARN_INFINITE_RECURSION = YES;
				CLANG_WARN_INT_CONVERSION = YES;
				CLANG_WARN_NON_LITERAL_NULL_CONVERSION = YES;
				CLANG_WARN_OBJC_IMPLICIT_RETAIN_SELF = YES;
				CLANG_WARN_OBJC_LITERAL_CONVERSION = YES;
				CLANG_WARN_OBJC_ROOT_CLASS = YES_ERROR;
				CLANG_WARN_RANGE_LOOP_ANALYSIS = YES;
				CLANG_WARN_STRICT_PROTOTYPES = YES;
				CLANG_WARN_SUSPICIOUS_MOVE = YES;
				CLANG_WARN_UNGUARDED_AVAILABILITY = YES_AGGRESSIVE;
				CLANG_WARN_UNREACHABLE_CODE = YES;
				CLANG_WARN__DUPLICATE_METHOD_MATCH = YES;
				CODE_SIGN_IDENTITY = "iPhone Developer";
				COPY_PHASE_STRIP = NO;
				DEBUG_INFORMATION_FORMAT = "dwarf-with-dsym";
				ENABLE_NS_ASSERTIONS = NO;
				ENABLE_STRICT_OBJC_MSGSEND = YES;
				GCC_C_LANGUAGE_STANDARD = gnu11;
				GCC_NO_COMMON_BLOCKS = YES;
				GCC_WARN_64_TO_32_BIT_CONVERSION = YES;
				GCC_WARN_ABOUT_RETURN_TYPE = YES_ERROR;
				GCC_WARN_UNDECLARED_SELECTOR = YES;
				GCC_WARN_UNINITIALIZED_AUTOS = YES_AGGRESSIVE;
				GCC_WARN_UNUSED_FUNCTION = YES;
				GCC_WARN_UNUSED_VARIABLE = YES;
				IPHONEOS_DEPLOYMENT_TARGET = 12.1;
				MTL_ENABLE_DEBUG_INFO = NO;
				MTL_FAST_MATH = YES;
				SDKROOT = iphoneos;
				VALIDATE_PRODUCT = YES;
			};
			name = Release;
		};
		469E586422D77F580077AE51 /* Debug */ = {
			isa = XCBuildConfiguration;
			baseConfigurationReference = 0DC983F95E75035A569B180B /* Pods-HuaXing.debug.xcconfig */;
			buildSettings = {
				ASSETCATALOG_COMPILER_APPICON_NAME = AppIcon;
				CODE_SIGN_STYLE = Automatic;
				DEVELOPMENT_TEAM = JA7UMD99EC;
				GCC_PRECOMPILE_PREFIX_HEADER = YES;
				GCC_PREFIX_HEADER = HuaXing/Macro/HuaXing.pch;
				INFOPLIST_FILE = HuaXing/Info.plist;
				IPHONEOS_DEPLOYMENT_TARGET = 9.0;
				LD_RUNPATH_SEARCH_PATHS = (
					"$(inherited)",
					"@executable_path/Frameworks",
				);
				PRODUCT_BUNDLE_IDENTIFIER = com.hinabian.rain;
				PRODUCT_NAME = "$(TARGET_NAME)";
				TARGETED_DEVICE_FAMILY = 1;
			};
			name = Debug;
		};
		469E586522D77F580077AE51 /* Release */ = {
			isa = XCBuildConfiguration;
			baseConfigurationReference = B0663E3085F4D37C652073DA /* Pods-HuaXing.release.xcconfig */;
			buildSettings = {
				ASSETCATALOG_COMPILER_APPICON_NAME = AppIcon;
				CODE_SIGN_STYLE = Automatic;
				DEVELOPMENT_TEAM = JA7UMD99EC;
				GCC_PRECOMPILE_PREFIX_HEADER = YES;
				GCC_PREFIX_HEADER = HuaXing/Macro/HuaXing.pch;
				INFOPLIST_FILE = HuaXing/Info.plist;
				IPHONEOS_DEPLOYMENT_TARGET = 9.0;
				LD_RUNPATH_SEARCH_PATHS = (
					"$(inherited)",
					"@executable_path/Frameworks",
				);
				PRODUCT_BUNDLE_IDENTIFIER = com.hinabian.rain;
				PRODUCT_NAME = "$(TARGET_NAME)";
				TARGETED_DEVICE_FAMILY = 1;
			};
			name = Release;
		};
/* End XCBuildConfiguration section */

/* Begin XCConfigurationList section */
		469E584822D77F560077AE51 /* Build configuration list for PBXProject "HuaXing" */ = {
			isa = XCConfigurationList;
			buildConfigurations = (
				469E586122D77F580077AE51 /* Debug */,
				469E586222D77F580077AE51 /* Release */,
			);
			defaultConfigurationIsVisible = 0;
			defaultConfigurationName = Release;
		};
		469E586322D77F580077AE51 /* Build configuration list for PBXNativeTarget "HuaXing" */ = {
			isa = XCConfigurationList;
			buildConfigurations = (
				469E586422D77F580077AE51 /* Debug */,
				469E586522D77F580077AE51 /* Release */,
			);
			defaultConfigurationIsVisible = 0;
			defaultConfigurationName = Release;
		};
/* End XCConfigurationList section */
	};
	rootObject = 469E584522D77F560077AE51 /* Project object */;
}
